// !$*UTF8*$!
{
	archiveVersion = 1;
	classes = {
	};
	objectVersion = 55;
	objects = {

/* Begin PBXBuildFile section */
		1EA2D8B928702B350085CC34 /* AnimationApp.swift in Sources */ = {isa = PBXBuildFile; fileRef = 1EA2D8B828702B350085CC34 /* AnimationApp.swift */; };
		1EA2D8BB28702B350085CC34 /* ContentView.swift in Sources */ = {isa = PBXBuildFile; fileRef = 1EA2D8BA28702B350085CC34 /* ContentView.swift */; };
		1EA2D8BD28702B3B0085CC34 /* Assets.xcassets in Resources */ = {isa = PBXBuildFile; fileRef = 1EA2D8BC28702B3B0085CC34 /* Assets.xcassets */; };
		1EA2D8C028702B3B0085CC34 /* Preview Assets.xcassets in Resources */ = {isa = PBXBuildFile; fileRef = 1EA2D8BF28702B3B0085CC34 /* Preview Assets.xcassets */; };
		1EA2D8CA28702B3B0085CC34 /* AnimationTests.swift in Sources */ = {isa = PBXBuildFile; fileRef = 1EA2D8C928702B3B0085CC34 /* AnimationTests.swift */; };
		1EA2D8D428702B3C0085CC34 /* AnimationUITests.swift in Sources */ = {isa = PBXBuildFile; fileRef = 1EA2D8D328702B3C0085CC34 /* AnimationUITests.swift */; };
		1EA2D8D628702B3C0085CC34 /* AnimationUITestsLaunchTests.swift in Sources */ = {isa = PBXBuildFile; fileRef = 1EA2D8D528702B3C0085CC34 /* AnimationUITestsLaunchTests.swift */; };
/* End PBXBuildFile section */

/* Begin PBXContainerItemProxy section */
		1EA2D8C628702B3B0085CC34 /* PBXContainerItemProxy */ = {
			isa = PBXContainerItemProxy;
			containerPortal = 1EA2D8AD28702B350085CC34 /* Project object */;
			proxyType = 1;
			remoteGlobalIDString = 1EA2D8B428702B350085CC34;
			remoteInfo = Animation;
		};
		1EA2D8D028702B3C0085CC34 /* PBXContainerItemProxy */ = {
			isa = PBXContainerItemProxy;
			containerPortal = 1EA2D8AD28702B350085CC34 /* Project object */;
			proxyType = 1;
			remoteGlobalIDString = 1EA2D8B428702B350085CC34;
			remoteInfo = Animation;
		};
/* End PBXContainerItemProxy section */

/* Begin PBXFileReference section */
		1EA2D8B528702B350085CC34 /* Animation.app */ = {isa = PBXFileReference; explicitFileType = wrapper.application; includeInIndex = 0; path = Animation.app; sourceTree = BUILT_PRODUCTS_DIR; };
		1EA2D8B828702B350085CC34 /* AnimationApp.swift */ = {isa = PBXFileReference; lastKnownFileType = sourcecode.swift; path = AnimationApp.swift; sourceTree = "<group>"; };
		1EA2D8BA28702B350085CC34 /* ContentView.swift */ = {isa = PBXFileReference; lastKnownFileType = sourcecode.swift; path = ContentView.swift; sourceTree = "<group>"; };
		1EA2D8BC28702B3B0085CC34 /* Assets.xcassets */ = {isa = PBXFileReference; lastKnownFileType = folder.assetcatalog; path = Assets.xcassets; sourceTree = "<group>"; };
		1EA2D8BF28702B3B0085CC34 /* Preview Assets.xcassets */ = {isa = PBXFileReference; lastKnownFileType = folder.assetcatalog; path = "Preview Assets.xcassets"; sourceTree = "<group>"; };
		1EA2D8C528702B3B0085CC34 /* AnimationTests.xctest */ = {isa = PBXFileReference; explicitFileType = wrapper.cfbundle; includeInIndex = 0; path = AnimationTests.xctest; sourceTree = BUILT_PRODUCTS_DIR; };
		1EA2D8C928702B3B0085CC34 /* AnimationTests.swift */ = {isa = PBXFileReference; lastKnownFileType = sourcecode.swift; path = AnimationTests.swift; sourceTree = "<group>"; };
		1EA2D8CF28702B3C0085CC34 /* AnimationUITests.xctest */ = {isa = PBXFileReference; explicitFileType = wrapper.cfbundle; includeInIndex = 0; path = AnimationUITests.xctest; sourceTree = BUILT_PRODUCTS_DIR; };
		1EA2D8D328702B3C0085CC34 /* AnimationUITests.swift */ = {isa = PBXFileReference; lastKnownFileType = sourcecode.swift; path = AnimationUITests.swift; sourceTree = "<group>"; };
		1EA2D8D528702B3C0085CC34 /* AnimationUITestsLaunchTests.swift */ = {isa = PBXFileReference; lastKnownFileType = sourcecode.swift; path = AnimationUITestsLaunchTests.swift; sourceTree = "<group>"; };
/* End PBXFileReference section */

/* Begin PBXFrameworksBuildPhase section */
		1EA2D8B228702B350085CC34 /* Frameworks */ = {
			isa = PBXFrameworksBuildPhase;
			buildActionMask = 2147483647;
			files = (
			);
			runOnlyForDeploymentPostprocessing = 0;
		};
		1EA2D8C228702B3B0085CC34 /* Frameworks */ = {
			isa = PBXFrameworksBuildPhase;
			buildActionMask = 2147483647;
			files = (
			);
			runOnlyForDeploymentPostprocessing = 0;
		};
		1EA2D8CC28702B3C0085CC34 /* Frameworks */ = {
			isa = PBXFrameworksBuildPhase;
			buildActionMask = 2147483647;
			files = (
			);
			runOnlyForDeploymentPostprocessing = 0;
		};
/* End PBXFrameworksBuildPhase section */

/* Begin PBXGroup section */
		1EA2D8AC28702B350085CC34 = {
			isa = PBXGroup;
			children = (
				1EA2D8B728702B350085CC34 /* Animation */,
				1EA2D8C828702B3B0085CC34 /* AnimationTests */,
				1EA2D8D228702B3C0085CC34 /* AnimationUITests */,
				1EA2D8B628702B350085CC34 /* Products */,
			);
			sourceTree = "<group>";
		};
		1EA2D8B628702B350085CC34 /* Products */ = {
			isa = PBXGroup;
			children = (
				1EA2D8B528702B350085CC34 /* Animation.app */,
				1EA2D8C528702B3B0085CC34 /* AnimationTests.xctest */,
				1EA2D8CF28702B3C0085CC34 /* AnimationUITests.xctest */,
			);
			name = Products;
			sourceTree = "<group>";
		};
		1EA2D8B728702B350085CC34 /* Animation */ = {
			isa = PBXGroup;
			children = (
				1EA2D8B828702B350085CC34 /* AnimationApp.swift */,
				1EA2D8BA28702B350085CC34 /* ContentView.swift */,
				1EA2D8BC28702B3B0085CC34 /* Assets.xcassets */,
				1EA2D8BE28702B3B0085CC34 /* Preview Content */,
			);
			path = Animation;
			sourceTree = "<group>";
		};
		1EA2D8BE28702B3B0085CC34 /* Preview Content */ = {
			isa = PBXGroup;
			children = (
				1EA2D8BF28702B3B0085CC34 /* Preview Assets.xcassets */,
			);
			path = "Preview Content";
			sourceTree = "<group>";
		};
		1EA2D8C828702B3B0085CC34 /* AnimationTests */ = {
			isa = PBXGroup;
			children = (
				1EA2D8C928702B3B0085CC34 /* AnimationTests.swift */,
			);
			path = AnimationTests;
			sourceTree = "<group>";
		};
		1EA2D8D228702B3C0085CC34 /* AnimationUITests */ = {
			isa = PBXGroup;
			children = (
				1EA2D8D328702B3C0085CC34 /* AnimationUITests.swift */,
				1EA2D8D528702B3C0085CC34 /* AnimationUITestsLaunchTests.swift */,
			);
			path = AnimationUITests;
			sourceTree = "<group>";
		};
/* End PBXGroup section */

/* Begin PBXNativeTarget section */
		1EA2D8B428702B350085CC34 /* Animation */ = {
			isa = PBXNativeTarget;
			buildConfigurationList = 1EA2D8D928702B3C0085CC34 /* Build configuration list for PBXNativeTarget "Animation" */;
			buildPhases = (
				1EA2D8B128702B350085CC34 /* Sources */,
				1EA2D8B228702B350085CC34 /* Frameworks */,
				1EA2D8B328702B350085CC34 /* Resources */,
			);
			buildRules = (
			);
			dependencies = (
			);
			name = Animation;
			productName = Animation;
			productReference = 1EA2D8B528702B350085CC34 /* Animation.app */;
			productType = "com.apple.product-type.application";
		};
		1EA2D8C428702B3B0085CC34 /* AnimationTests */ = {
			isa = PBXNativeTarget;
			buildConfigurationList = 1EA2D8DC28702B3C0085CC34 /* Build configuration list for PBXNativeTarget "AnimationTests" */;
			buildPhases = (
				1EA2D8C128702B3B0085CC34 /* Sources */,
				1EA2D8C228702B3B0085CC34 /* Frameworks */,
				1EA2D8C328702B3B0085CC34 /* Resources */,
			);
			buildRules = (
			);
			dependencies = (
				1EA2D8C728702B3B0085CC34 /* PBXTargetDependency */,
			);
			name = AnimationTests;
			productName = AnimationTests;
			productReference = 1EA2D8C528702B3B0085CC34 /* AnimationTests.xctest */;
			productType = "com.apple.product-type.bundle.unit-test";
		};
		1EA2D8CE28702B3C0085CC34 /* AnimationUITests */ = {
			isa = PBXNativeTarget;
			buildConfigurationList = 1EA2D8DF28702B3C0085CC34 /* Build configuration list for PBXNativeTarget "AnimationUITests" */;
			buildPhases = (
				1EA2D8CB28702B3C0085CC34 /* Sources */,
				1EA2D8CC28702B3C0085CC34 /* Frameworks */,
				1EA2D8CD28702B3C0085CC34 /* Resources */,
			);
			buildRules = (
			);
			dependencies = (
				1EA2D8D128702B3C0085CC34 /* PBXTargetDependency */,
			);
			name = AnimationUITests;
			productName = AnimationUITests;
			productReference = 1EA2D8CF28702B3C0085CC34 /* AnimationUITests.xctest */;
			productType = "com.apple.product-type.bundle.ui-testing";
		};
/* End PBXNativeTarget section */

/* Begin PBXProject section */
		1EA2D8AD28702B350085CC34 /* Project object */ = {
			isa = PBXProject;
			attributes = {
				BuildIndependentTargetsInParallel = 1;
				LastSwiftUpdateCheck = 1330;
				LastUpgradeCheck = 1330;
				TargetAttributes = {
					1EA2D8B428702B350085CC34 = {
						CreatedOnToolsVersion = 13.3.1;
					};
					1EA2D8C428702B3B0085CC34 = {
						CreatedOnToolsVersion = 13.3.1;
						TestTargetID = 1EA2D8B428702B350085CC34;
					};
					1EA2D8CE28702B3C0085CC34 = {
						CreatedOnToolsVersion = 13.3.1;
						TestTargetID = 1EA2D8B428702B350085CC34;
					};
				};
			};
			buildConfigurationList = 1EA2D8B028702B350085CC34 /* Build configuration list for PBXProject "Animation" */;
			compatibilityVersion = "Xcode 13.0";
			developmentRegion = en;
			hasScannedForEncodings = 0;
			knownRegions = (
				en,
				Base,
			);
			mainGroup = 1EA2D8AC28702B350085CC34;
			productRefGroup = 1EA2D8B628702B350085CC34 /* Products */;
			projectDirPath = "";
			projectRoot = "";
			targets = (
				1EA2D8B428702B350085CC34 /* Animation */,
				1EA2D8C428702B3B0085CC34 /* AnimationTests */,
				1EA2D8CE28702B3C0085CC34 /* AnimationUITests */,
			);
		};
/* End PBXProject section */

/* Begin PBXResourcesBuildPhase section */
		1EA2D8B328702B350085CC34 /* Resources */ = {
			isa = PBXResourcesBuildPhase;
			buildActionMask = 2147483647;
			files = (
				1EA2D8C028702B3B0085CC34 /* Preview Assets.xcassets in Resources */,
				1EA2D8BD28702B3B0085CC34 /* Assets.xcassets in Resources */,
			);
			runOnlyForDeploymentPostprocessing = 0;
		};
		1EA2D8C328702B3B0085CC34 /* Resources */ = {
			isa = PBXResourcesBuildPhase;
			buildActionMask = 2147483647;
			files = (
			);
			runOnlyForDeploymentPostprocessing = 0;
		};
		1EA2D8CD28702B3C0085CC34 /* Resources */ = {
			isa = PBXResourcesBuildPhase;
			buildActionMask = 2147483647;
			files = (
			);
			runOnlyForDeploymentPostprocessing = 0;
		};
/* End PBXResourcesBuildPhase section */

/* Begin PBXSourcesBuildPhase section */
		1EA2D8B128702B350085CC34 /* Sources */ = {
			isa = PBXSourcesBuildPhase;
			buildActionMask = 2147483647;
			files = (
				1EA2D8BB28702B350085CC34 /* ContentView.swift in Sources */,
				1EA2D8B928702B350085CC34 /* AnimationApp.swift in Sources */,
			);
			runOnlyForDeploymentPostprocessing = 0;
		};
		1EA2D8C128702B3B0085CC34 /* Sources */ = {
			isa = PBXSourcesBuildPhase;
			buildActionMask = 2147483647;
			files = (
				1EA2D8CA28702B3B0085CC34 /* AnimationTests.swift in Sources */,
			);
			runOnlyForDeploymentPostprocessing = 0;
		};
		1EA2D8CB28702B3C0085CC34 /* Sources */ = {
			isa = PBXSourcesBuildPhase;
			buildActionMask = 2147483647;
			files = (
				1EA2D8D428702B3C0085CC34 /* AnimationUITests.swift in Sources */,
				1EA2D8D628702B3C0085CC34 /* AnimationUITestsLaunchTests.swift in Sources */,
			);
			runOnlyForDeploymentPostprocessing = 0;
		};
/* End PBXSourcesBuildPhase section */

/* Begin PBXTargetDependency section */
		1EA2D8C728702B3B0085CC34 /* PBXTargetDependency */ = {
			isa = PBXTargetDependency;
			target = 1EA2D8B428702B350085CC34 /* Animation */;
			targetProxy = 1EA2D8C628702B3B0085CC34 /* PBXContainerItemProxy */;
		};
		1EA2D8D128702B3C0085CC34 /* PBXTargetDependency */ = {
			isa = PBXTargetDependency;
			target = 1EA2D8B428702B350085CC34 /* Animation */;
			targetProxy = 1EA2D8D028702B3C0085CC34 /* PBXContainerItemProxy */;
		};
/* End PBXTargetDependency section */

/* Begin XCBuildConfiguration section */
		1EA2D8D728702B3C0085CC34 /* Debug */ = {
			isa = XCBuildConfiguration;
			buildSettings = {
				ALWAYS_SEARCH_USER_PATHS = NO;
				CLANG_ANALYZER_NONNULL = YES;
				CLANG_ANALYZER_NUMBER_OBJECT_CONVERSION = YES_AGGRESSIVE;
				CLANG_CXX_LANGUAGE_STANDARD = "gnu++17";
				CLANG_ENABLE_MODULES = YES;
				CLANG_ENABLE_OBJC_ARC = YES;
				CLANG_ENABLE_OBJC_WEAK = YES;
				CLANG_WARN_BLOCK_CAPTURE_AUTORELEASING = YES;
				CLANG_WARN_BOOL_CONVERSION = YES;
				CLANG_WARN_COMMA = YES;
				CLANG_WARN_CONSTANT_CONVERSION = YES;
				CLANG_WARN_DEPRECATED_OBJC_IMPLEMENTATIONS = YES;
				CLANG_WARN_DIRECT_OBJC_ISA_USAGE = YES_ERROR;
				CLANG_WARN_DOCUMENTATION_COMMENTS = YES;
				CLANG_WARN_EMPTY_BODY = YES;
				CLANG_WARN_ENUM_CONVERSION = YES;
				CLANG_WARN_INFINITE_RECURSION = YES;
				CLANG_WARN_INT_CONVERSION = YES;
				CLANG_WARN_NON_LITERAL_NULL_CONVERSION = YES;
				CLANG_WARN_OBJC_IMPLICIT_RETAIN_SELF = YES;
				CLANG_WARN_OBJC_LITERAL_CONVERSION = YES;
				CLANG_WARN_OBJC_ROOT_CLASS = YES_ERROR;
				CLANG_WARN_QUOTED_INCLUDE_IN_FRAMEWORK_HEADER = YES;
				CLANG_WARN_RANGE_LOOP_ANALYSIS = YES;
				CLANG_WARN_STRICT_PROTOTYPES = YES;
				CLANG_WARN_SUSPICIOUS_MOVE = YES;
				CLANG_WARN_UNGUARDED_AVAILABILITY = YES_AGGRESSIVE;
				CLANG_WARN_UNREACHABLE_CODE = YES;
				CLANG_WARN__DUPLICATE_METHOD_MATCH = YES;
				COPY_PHASE_STRIP = NO;
				DEBUG_INFORMATION_FORMAT = dwarf;
				ENABLE_STRICT_OBJC_MSGSEND = YES;
				ENABLE_TESTABILITY = YES;
				GCC_C_LANGUAGE_STANDARD = gnu11;
				GCC_DYNAMIC_NO_PIC = NO;
				GCC_NO_COMMON_BLOCKS = YES;
				GCC_OPTIMIZATION_LEVEL = 0;
				GCC_PREPROCESSOR_DEFINITIONS = (
					"DEBUG=1",
					"$(inherited)",
				);
				GCC_WARN_64_TO_32_BIT_CONVERSION = YES;
				GCC_WARN_ABOUT_RETURN_TYPE = YES_ERROR;
				GCC_WARN_UNDECLARED_SELECTOR = YES;
				GCC_WARN_UNINITIALIZED_AUTOS = YES_AGGRESSIVE;
				GCC_WARN_UNUSED_FUNCTION = YES;
				GCC_WARN_UNUSED_VARIABLE = YES;
				IPHONEOS_DEPLOYMENT_TARGET = 15.4;
				MTL_ENABLE_DEBUG_INFO = INCLUDE_SOURCE;
				MTL_FAST_MATH = YES;
				ONLY_ACTIVE_ARCH = YES;
				SDKROOT = iphoneos;
				SWIFT_ACTIVE_COMPILATION_CONDITIONS = DEBUG;
				SWIFT_OPTIMIZATION_LEVEL = "-Onone";
			};
			name = Debug;
		};
		1EA2D8D828702B3C0085CC34 /* Release */ = {
			isa = XCBuildConfiguration;
			buildSettings = {
				ALWAYS_SEARCH_USER_PATHS = NO;
				CLANG_ANALYZER_NONNULL = YES;
				CLANG_ANALYZER_NUMBER_OBJECT_CONVERSION = YES_AGGRESSIVE;
				CLANG_CXX_LANGUAGE_STANDARD = "gnu++17";
				CLANG_ENABLE_MODULES = YES;
				CLANG_ENABLE_OBJC_ARC = YES;
				CLANG_ENABLE_OBJC_WEAK = YES;
				CLANG_WARN_BLOCK_CAPTURE_AUTORELEASING = YES;
				CLANG_WARN_BOOL_CONVERSION = YES;
				CLANG_WARN_COMMA = YES;
				CLANG_WARN_CONSTANT_CONVERSION = YES;
				CLANG_WARN_DEPRECATED_OBJC_IMPLEMENTATIONS = YES;
				CLANG_WARN_DIRECT_OBJC_ISA_USAGE = YES_ERROR;
				CLANG_WARN_DOCUMENTATION_COMMENTS = YES;
				CLANG_WARN_EMPTY_BODY = YES;
				CLANG_WARN_ENUM_CONVERSION = YES;
				CLANG_WARN_INFINITE_RECURSION = YES;
				CLANG_WARN_INT_CONVERSION = YES;
				CLANG_WARN_NON_LITERAL_NULL_CONVERSION = YES;
				CLANG_WARN_OBJC_IMPLICIT_RETAIN_SELF = YES;
				CLANG_WARN_OBJC_LITERAL_CONVERSION = YES;
				CLANG_WARN_OBJC_ROOT_CLASS = YES_ERROR;
				CLANG_WARN_QUOTED_INCLUDE_IN_FRAMEWORK_HEADER = YES;
				CLANG_WARN_RANGE_LOOP_ANALYSIS = YES;
				CLANG_WARN_STRICT_PROTOTYPES = YES;
				CLANG_WARN_SUSPICIOUS_MOVE = YES;
				CLANG_WARN_UNGUARDED_AVAILABILITY = YES_AGGRESSIVE;
				CLANG_WARN_UNREACHABLE_CODE = YES;
				CLANG_WARN__DUPLICATE_METHOD_MATCH = YES;
				COPY_PHASE_STRIP = NO;
				DEBUG_INFORMATION_FORMAT = "dwarf-with-dsym";
				ENABLE_NS_ASSERTIONS = NO;
				ENABLE_STRICT_OBJC_MSGSEND = YES;
				GCC_C_LANGUAGE_STANDARD = gnu11;
				GCC_NO_COMMON_BLOCKS = YES;
				GCC_WARN_64_TO_32_BIT_CONVERSION = YES;
				GCC_WARN_ABOUT_RETURN_TYPE = YES_ERROR;
				GCC_WARN_UNDECLARED_SELECTOR = YES;
				GCC_WARN_UNINITIALIZED_AUTOS = YES_AGGRESSIVE;
				GCC_WARN_UNUSED_FUNCTION = YES;
				GCC_WARN_UNUSED_VARIABLE = YES;
				IPHONEOS_DEPLOYMENT_TARGET = 15.4;
				MTL_ENABLE_DEBUG_INFO = NO;
				MTL_FAST_MATH = YES;
				SDKROOT = iphoneos;
				SWIFT_COMPILATION_MODE = wholemodule;
				SWIFT_OPTIMIZATION_LEVEL = "-O";
				VALIDATE_PRODUCT = YES;
			};
			name = Release;
		};
		1EA2D8DA28702B3C0085CC34 /* Debug */ = {
			isa = XCBuildConfiguration;
			buildSettings = {
				ASSETCATALOG_COMPILER_APPICON_NAME = AppIcon;
				ASSETCATALOG_COMPILER_GLOBAL_ACCENT_COLOR_NAME = AccentColor;
				CODE_SIGN_STYLE = Automatic;
				CURRENT_PROJECT_VERSION = 1;
				DEVELOPMENT_ASSET_PATHS = "\"Animation/Preview Content\"";
				ENABLE_PREVIEWS = YES;
				GENERATE_INFOPLIST_FILE = YES;
				INFOPLIST_KEY_UIApplicationSceneManifest_Generation = YES;
				INFOPLIST_KEY_UIApplicationSupportsIndirectInputEvents = YES;
				INFOPLIST_KEY_UILaunchScreen_Generation = YES;
				INFOPLIST_KEY_UISupportedInterfaceOrientations_iPad = "UIInterfaceOrientationPortrait UIInterfaceOrientationPortraitUpsideDown UIInterfaceOrientationLandscapeLeft UIInterfaceOrientationLandscapeRight";
				INFOPLIST_KEY_UISupportedInterfaceOrientations_iPhone = "UIInterfaceOrientationPortrait UIInterfaceOrientationLandscapeLeft UIInterfaceOrientationLandscapeRight";
				LD_RUNPATH_SEARCH_PATHS = (
					"$(inherited)",
					"@executable_path/Frameworks",
				);
				MARKETING_VERSION = 1.0;
				PRODUCT_BUNDLE_IDENTIFIER = lymos.Animation;
				PRODUCT_NAME = "$(TARGET_NAME)";
				SWIFT_EMIT_LOC_STRINGS = YES;
				SWIFT_VERSION = 5.0;
				TARGETED_DEVICE_FAMILY = "1,2";
			};
			name = Debug;
		};
		1EA2D8DB28702B3C0085CC34 /* Release */ = {
			isa = XCBuildConfiguration;
			buildSettings = {
				ASSETCATALOG_COMPILER_APPICON_NAME = AppIcon;
				ASSETCATALOG_COMPILER_GLOBAL_ACCENT_COLOR_NAME = AccentColor;
				CODE_SIGN_STYLE = Automatic;
				CURRENT_PROJECT_VERSION = 1;
				DEVELOPMENT_ASSET_PATHS = "\"Animation/Preview Content\"";
				ENABLE_PREVIEWS = YES;
				GENERATE_INFOPLIST_FILE = YES;
				INFOPLIST_KEY_UIApplicationSceneManifest_Generation = YES;
				INFOPLIST_KEY_UIApplicationSupportsIndirectInputEvents = YES;
				INFOPLIST_KEY_UILaunchScreen_Generation = YES;
				INFOPLIST_KEY_UISupportedInterfaceOrientations_iPad = "UIInterfaceOrientationPortrait UIInterfaceOrientationPortraitUpsideDown UIInterfaceOrientationLandscapeLeft UIInterfaceOrientationLandscapeRight";
				INFOPLIST_KEY_UISupportedInterfaceOrientations_iPhone = "UIInterfaceOrientationPortrait UIInterfaceOrientationLandscapeLeft UIInterfaceOrientationLandscapeRight";
				LD_RUNPATH_SEARCH_PATHS = (
					"$(inherited)",
					"@executable_path/Frameworks",
				);
				MARKETING_VERSION = 1.0;
				PRODUCT_BUNDLE_IDENTIFIER = lymos.Animation;
				PRODUCT_NAME = "$(TARGET_NAME)";
				SWIFT_EMIT_LOC_STRINGS = YES;
				SWIFT_VERSION = 5.0;
				TARGETED_DEVICE_FAMILY = "1,2";
			};
			name = Release;
		};
		1EA2D8DD28702B3C0085CC34 /* Debug */ = {
			isa = XCBuildConfiguration;
			buildSettings = {
				ALWAYS_EMBED_SWIFT_STANDARD_LIBRARIES = YES;
				BUNDLE_LOADER = "$(TEST_HOST)";
				CODE_SIGN_STYLE = Automatic;
				CURRENT_PROJECT_VERSION = 1;
				GENERATE_INFOPLIST_FILE = YES;
				IPHONEOS_DEPLOYMENT_TARGET = 15.4;
				MARKETING_VERSION = 1.0;
				PRODUCT_BUNDLE_IDENTIFIER = lymos.AnimationTests;
				PRODUCT_NAME = "$(TARGET_NAME)";
				SWIFT_EMIT_LOC_STRINGS = NO;
				SWIFT_VERSION = 5.0;
				TARGETED_DEVICE_FAMILY = "1,2";
				TEST_HOST = "$(BUILT_PRODUCTS_DIR)/Animation.app/Animation";
			};
			name = Debug;
		};
		1EA2D8DE28702B3C0085CC34 /* Release */ = {
			isa = XCBuildConfiguration;
			buildSettings = {
				ALWAYS_EMBED_SWIFT_STANDARD_LIBRARIES = YES;
				BUNDLE_LOADER = "$(TEST_HOST)";
				CODE_SIGN_STYLE = Automatic;
				CURRENT_PROJECT_VERSION = 1;
				GENERATE_INFOPLIST_FILE = YES;
				IPHONEOS_DEPLOYMENT_TARGET = 15.4;
				MARKETING_VERSION = 1.0;
				PRODUCT_BUNDLE_IDENTIFIER = lymos.AnimationTests;
				PRODUCT_NAME = "$(TARGET_NAME)";
				SWIFT_EMIT_LOC_STRINGS = NO;
				SWIFT_VERSION = 5.0;
				TARGETED_DEVICE_FAMILY = "1,2";
				TEST_HOST = "$(BUILT_PRODUCTS_DIR)/Animation.app/Animation";
			};
			name = Release;
		};
		1EA2D8E028702B3C0085CC34 /* Debug */ = {
			isa = XCBuildConfiguration;
			buildSettings = {
				ALWAYS_EMBED_SWIFT_STANDARD_LIBRARIES = YES;
				CODE_SIGN_STYLE = Automatic;
				CURRENT_PROJECT_VERSION = 1;
				GENERATE_INFOPLIST_FILE = YES;
				MARKETING_VERSION = 1.0;
				PRODUCT_BUNDLE_IDENTIFIER = lymos.AnimationUITests;
				PRODUCT_NAME = "$(TARGET_NAME)";
				SWIFT_EMIT_LOC_STRINGS = NO;
				SWIFT_VERSION = 5.0;
				TARGETED_DEVICE_FAMILY = "1,2";
				TEST_TARGET_NAME = Animation;
			};
			name = Debug;
		};
		1EA2D8E128702B3C0085CC34 /* Release */ = {
			isa = XCBuildConfiguration;
			buildSettings = {
				ALWAYS_EMBED_SWIFT_STANDARD_LIBRARIES = YES;
				CODE_SIGN_STYLE = Automatic;
				CURRENT_PROJECT_VERSION = 1;
				GENERATE_INFOPLIST_FILE = YES;
				MARKETING_VERSION = 1.0;
				PRODUCT_BUNDLE_IDENTIFIER = lymos.AnimationUITests;
				PRODUCT_NAME = "$(TARGET_NAME)";
				SWIFT_EMIT_LOC_STRINGS = NO;
				SWIFT_VERSION = 5.0;
				TARGETED_DEVICE_FAMILY = "1,2";
				TEST_TARGET_NAME = Animation;
			};
			name = Release;
		};
/* End XCBuildConfiguration section */

/* Begin XCConfigurationList section */
		1EA2D8B028702B350085CC34 /* Build configuration list for PBXProject "Animation" */ = {
			isa = XCConfigurationList;
			buildConfigurations = (
				1EA2D8D728702B3C0085CC34 /* Debug */,
				1EA2D8D828702B3C0085CC34 /* Release */,
			);
			defaultConfigurationIsVisible = 0;
			defaultConfigurationName = Release;
		};
		1EA2D8D928702B3C0085CC34 /* Build configuration list for PBXNativeTarget "Animation" */ = {
			isa = XCConfigurationList;
			buildConfigurations = (
				1EA2D8DA28702B3C0085CC34 /* Debug */,
				1EA2D8DB28702B3C0085CC34 /* Release */,
			);
			defaultConfigurationIsVisible = 0;
			defaultConfigurationName = Release;
		};
		1EA2D8DC28702B3C0085CC34 /* Build configuration list for PBXNativeTarget "AnimationTests" */ = {
			isa = XCConfigurationList;
			buildConfigurations = (
				1EA2D8DD28702B3C0085CC34 /* Debug */,
				1EA2D8DE28702B3C0085CC34 /* Release */,
			);
			defaultConfigurationIsVisible = 0;
			defaultConfigurationName = Release;
		};
		1EA2D8DF28702B3C0085CC34 /* Build configuration list for PBXNativeTarget "AnimationUITests" */ = {
			isa = XCConfigurationList;
			buildConfigurations = (
				1EA2D8E028702B3C0085CC34 /* Debug */,
				1EA2D8E128702B3C0085CC34 /* Release */,
			);
			defaultConfigurationIsVisible = 0;
			defaultConfigurationName = Release;
		};
/* End XCConfigurationList section */
	};
	rootObject = 1EA2D8AD28702B350085CC34 /* Project object */;
}
