// !$*UTF8*$!
{
	archiveVersion = 1;
	classes = {
	};
	objectVersion = 55;
	objects = {

/* Begin PBXBuildFile section */
		1EFA688028300B940070356C /* swift_wesplitApp.swift in Sources */ = {isa = PBXBuildFile; fileRef = 1EFA687F28300B940070356C /* swift_wesplitApp.swift */; };
		1EFA688228300B940070356C /* ContentView.swift in Sources */ = {isa = PBXBuildFile; fileRef = 1EFA688128300B940070356C /* ContentView.swift */; };
		1EFA688428300B980070356C /* Assets.xcassets in Resources */ = {isa = PBXBuildFile; fileRef = 1EFA688328300B980070356C /* Assets.xcassets */; };
		1EFA688728300B980070356C /* Preview Assets.xcassets in Resources */ = {isa = PBXBuildFile; fileRef = 1EFA688628300B980070356C /* Preview Assets.xcassets */; };
		1EFA689128300B980070356C /* swift_wesplitTests.swift in Sources */ = {isa = PBXBuildFile; fileRef = 1EFA689028300B980070356C /* swift_wesplitTests.swift */; };
		1EFA689B28300B980070356C /* swift_wesplitUITests.swift in Sources */ = {isa = PBXBuildFile; fileRef = 1EFA689A28300B980070356C /* swift_wesplitUITests.swift */; };
		1EFA689D28300B980070356C /* swift_wesplitUITestsLaunchTests.swift in Sources */ = {isa = PBXBuildFile; fileRef = 1EFA689C28300B980070356C /* swift_wesplitUITestsLaunchTests.swift */; };
/* End PBXBuildFile section */

/* Begin PBXContainerItemProxy section */
		1EFA688D28300B980070356C /* PBXContainerItemProxy */ = {
			isa = PBXContainerItemProxy;
			containerPortal = 1EFA687428300B940070356C /* Project object */;
			proxyType = 1;
			remoteGlobalIDString = 1EFA687B28300B940070356C;
			remoteInfo = "swift-wesplit";
		};
		1EFA689728300B980070356C /* PBXContainerItemProxy */ = {
			isa = PBXContainerItemProxy;
			containerPortal = 1EFA687428300B940070356C /* Project object */;
			proxyType = 1;
			remoteGlobalIDString = 1EFA687B28300B940070356C;
			remoteInfo = "swift-wesplit";
		};
/* End PBXContainerItemProxy section */

/* Begin PBXFileReference section */
		1EFA687C28300B940070356C /* swift-wesplit.app */ = {isa = PBXFileReference; explicitFileType = wrapper.application; includeInIndex = 0; path = "swift-wesplit.app"; sourceTree = BUILT_PRODUCTS_DIR; };
		1EFA687F28300B940070356C /* swift_wesplitApp.swift */ = {isa = PBXFileReference; lastKnownFileType = sourcecode.swift; path = swift_wesplitApp.swift; sourceTree = "<group>"; };
		1EFA688128300B940070356C /* ContentView.swift */ = {isa = PBXFileReference; lastKnownFileType = sourcecode.swift; path = ContentView.swift; sourceTree = "<group>"; };
		1EFA688328300B980070356C /* Assets.xcassets */ = {isa = PBXFileReference; lastKnownFileType = folder.assetcatalog; path = Assets.xcassets; sourceTree = "<group>"; };
		1EFA688628300B980070356C /* Preview Assets.xcassets */ = {isa = PBXFileReference; lastKnownFileType = folder.assetcatalog; path = "Preview Assets.xcassets"; sourceTree = "<group>"; };
		1EFA688C28300B980070356C /* swift-wesplitTests.xctest */ = {isa = PBXFileReference; explicitFileType = wrapper.cfbundle; includeInIndex = 0; path = "swift-wesplitTests.xctest"; sourceTree = BUILT_PRODUCTS_DIR; };
		1EFA689028300B980070356C /* swift_wesplitTests.swift */ = {isa = PBXFileReference; lastKnownFileType = sourcecode.swift; path = swift_wesplitTests.swift; sourceTree = "<group>"; };
		1EFA689628300B980070356C /* swift-wesplitUITests.xctest */ = {isa = PBXFileReference; explicitFileType = wrapper.cfbundle; includeInIndex = 0; path = "swift-wesplitUITests.xctest"; sourceTree = BUILT_PRODUCTS_DIR; };
		1EFA689A28300B980070356C /* swift_wesplitUITests.swift */ = {isa = PBXFileReference; lastKnownFileType = sourcecode.swift; path = swift_wesplitUITests.swift; sourceTree = "<group>"; };
		1EFA689C28300B980070356C /* swift_wesplitUITestsLaunchTests.swift */ = {isa = PBXFileReference; lastKnownFileType = sourcecode.swift; path = swift_wesplitUITestsLaunchTests.swift; sourceTree = "<group>"; };
/* End PBXFileReference section */

/* Begin PBXFrameworksBuildPhase section */
		1EFA687928300B940070356C /* Frameworks */ = {
			isa = PBXFrameworksBuildPhase;
			buildActionMask = 2147483647;
			files = (
			);
			runOnlyForDeploymentPostprocessing = 0;
		};
		1EFA688928300B980070356C /* Frameworks */ = {
			isa = PBXFrameworksBuildPhase;
			buildActionMask = 2147483647;
			files = (
			);
			runOnlyForDeploymentPostprocessing = 0;
		};
		1EFA689328300B980070356C /* Frameworks */ = {
			isa = PBXFrameworksBuildPhase;
			buildActionMask = 2147483647;
			files = (
			);
			runOnlyForDeploymentPostprocessing = 0;
		};
/* End PBXFrameworksBuildPhase section */

/* Begin PBXGroup section */
		1EFA687328300B940070356C = {
			isa = PBXGroup;
			children = (
				1EFA687E28300B940070356C /* swift-wesplit */,
				1EFA688F28300B980070356C /* swift-wesplitTests */,
				1EFA689928300B980070356C /* swift-wesplitUITests */,
				1EFA687D28300B940070356C /* Products */,
			);
			sourceTree = "<group>";
		};
		1EFA687D28300B940070356C /* Products */ = {
			isa = PBXGroup;
			children = (
				1EFA687C28300B940070356C /* swift-wesplit.app */,
				1EFA688C28300B980070356C /* swift-wesplitTests.xctest */,
				1EFA689628300B980070356C /* swift-wesplitUITests.xctest */,
			);
			name = Products;
			sourceTree = "<group>";
		};
		1EFA687E28300B940070356C /* swift-wesplit */ = {
			isa = PBXGroup;
			children = (
				1EFA687F28300B940070356C /* swift_wesplitApp.swift */,
				1EFA688128300B940070356C /* ContentView.swift */,
				1EFA688328300B980070356C /* Assets.xcassets */,
				1EFA688528300B980070356C /* Preview Content */,
			);
			path = "swift-wesplit";
			sourceTree = "<group>";
		};
		1EFA688528300B980070356C /* Preview Content */ = {
			isa = PBXGroup;
			children = (
				1EFA688628300B980070356C /* Preview Assets.xcassets */,
			);
			path = "Preview Content";
			sourceTree = "<group>";
		};
		1EFA688F28300B980070356C /* swift-wesplitTests */ = {
			isa = PBXGroup;
			children = (
				1EFA689028300B980070356C /* swift_wesplitTests.swift */,
			);
			path = "swift-wesplitTests";
			sourceTree = "<group>";
		};
		1EFA689928300B980070356C /* swift-wesplitUITests */ = {
			isa = PBXGroup;
			children = (
				1EFA689A28300B980070356C /* swift_wesplitUITests.swift */,
				1EFA689C28300B980070356C /* swift_wesplitUITestsLaunchTests.swift */,
			);
			path = "swift-wesplitUITests";
			sourceTree = "<group>";
		};
/* End PBXGroup section */

/* Begin PBXNativeTarget section */
		1EFA687B28300B940070356C /* swift-wesplit */ = {
			isa = PBXNativeTarget;
			buildConfigurationList = 1EFA68A028300B980070356C /* Build configuration list for PBXNativeTarget "swift-wesplit" */;
			buildPhases = (
				1EFA687828300B940070356C /* Sources */,
				1EFA687928300B940070356C /* Frameworks */,
				1EFA687A28300B940070356C /* Resources */,
			);
			buildRules = (
			);
			dependencies = (
			);
			name = "swift-wesplit";
			productName = "swift-wesplit";
			productReference = 1EFA687C28300B940070356C /* swift-wesplit.app */;
			productType = "com.apple.product-type.application";
		};
		1EFA688B28300B980070356C /* swift-wesplitTests */ = {
			isa = PBXNativeTarget;
			buildConfigurationList = 1EFA68A328300B980070356C /* Build configuration list for PBXNativeTarget "swift-wesplitTests" */;
			buildPhases = (
				1EFA688828300B980070356C /* Sources */,
				1EFA688928300B980070356C /* Frameworks */,
				1EFA688A28300B980070356C /* Resources */,
			);
			buildRules = (
			);
			dependencies = (
				1EFA688E28300B980070356C /* PBXTargetDependency */,
			);
			name = "swift-wesplitTests";
			productName = "swift-wesplitTests";
			productReference = 1EFA688C28300B980070356C /* swift-wesplitTests.xctest */;
			productType = "com.apple.product-type.bundle.unit-test";
		};
		1EFA689528300B980070356C /* swift-wesplitUITests */ = {
			isa = PBXNativeTarget;
			buildConfigurationList = 1EFA68A628300B980070356C /* Build configuration list for PBXNativeTarget "swift-wesplitUITests" */;
			buildPhases = (
				1EFA689228300B980070356C /* Sources */,
				1EFA689328300B980070356C /* Frameworks */,
				1EFA689428300B980070356C /* Resources */,
			);
			buildRules = (
			);
			dependencies = (
				1EFA689828300B980070356C /* PBXTargetDependency */,
			);
			name = "swift-wesplitUITests";
			productName = "swift-wesplitUITests";
			productReference = 1EFA689628300B980070356C /* swift-wesplitUITests.xctest */;
			productType = "com.apple.product-type.bundle.ui-testing";
		};
/* End PBXNativeTarget section */

/* Begin PBXProject section */
		1EFA687428300B940070356C /* Project object */ = {
			isa = PBXProject;
			attributes = {
				BuildIndependentTargetsInParallel = 1;
				LastSwiftUpdateCheck = 1330;
				LastUpgradeCheck = 1330;
				TargetAttributes = {
					1EFA687B28300B940070356C = {
						CreatedOnToolsVersion = 13.3.1;
					};
					1EFA688B28300B980070356C = {
						CreatedOnToolsVersion = 13.3.1;
						TestTargetID = 1EFA687B28300B940070356C;
					};
					1EFA689528300B980070356C = {
						CreatedOnToolsVersion = 13.3.1;
						TestTargetID = 1EFA687B28300B940070356C;
					};
				};
			};
			buildConfigurationList = 1EFA687728300B940070356C /* Build configuration list for PBXProject "swift-wesplit" */;
			compatibilityVersion = "Xcode 13.0";
			developmentRegion = en;
			hasScannedForEncodings = 0;
			knownRegions = (
				en,
				Base,
			);
			mainGroup = 1EFA687328300B940070356C;
			productRefGroup = 1EFA687D28300B940070356C /* Products */;
			projectDirPath = "";
			projectRoot = "";
			targets = (
				1EFA687B28300B940070356C /* swift-wesplit */,
				1EFA688B28300B980070356C /* swift-wesplitTests */,
				1EFA689528300B980070356C /* swift-wesplitUITests */,
			);
		};
/* End PBXProject section */

/* Begin PBXResourcesBuildPhase section */
		1EFA687A28300B940070356C /* Resources */ = {
			isa = PBXResourcesBuildPhase;
			buildActionMask = 2147483647;
			files = (
				1EFA688728300B980070356C /* Preview Assets.xcassets in Resources */,
				1EFA688428300B980070356C /* Assets.xcassets in Resources */,
			);
			runOnlyForDeploymentPostprocessing = 0;
		};
		1EFA688A28300B980070356C /* Resources */ = {
			isa = PBXResourcesBuildPhase;
			buildActionMask = 2147483647;
			files = (
			);
			runOnlyForDeploymentPostprocessing = 0;
		};
		1EFA689428300B980070356C /* Resources */ = {
			isa = PBXResourcesBuildPhase;
			buildActionMask = 2147483647;
			files = (
			);
			runOnlyForDeploymentPostprocessing = 0;
		};
/* End PBXResourcesBuildPhase section */

/* Begin PBXSourcesBuildPhase section */
		1EFA687828300B940070356C /* Sources */ = {
			isa = PBXSourcesBuildPhase;
			buildActionMask = 2147483647;
			files = (
				1EFA688228300B940070356C /* ContentView.swift in Sources */,
				1EFA688028300B940070356C /* swift_wesplitApp.swift in Sources */,
			);
			runOnlyForDeploymentPostprocessing = 0;
		};
		1EFA688828300B980070356C /* Sources */ = {
			isa = PBXSourcesBuildPhase;
			buildActionMask = 2147483647;
			files = (
				1EFA689128300B980070356C /* swift_wesplitTests.swift in Sources */,
			);
			runOnlyForDeploymentPostprocessing = 0;
		};
		1EFA689228300B980070356C /* Sources */ = {
			isa = PBXSourcesBuildPhase;
			buildActionMask = 2147483647;
			files = (
				1EFA689B28300B980070356C /* swift_wesplitUITests.swift in Sources */,
				1EFA689D28300B980070356C /* swift_wesplitUITestsLaunchTests.swift in Sources */,
			);
			runOnlyForDeploymentPostprocessing = 0;
		};
/* End PBXSourcesBuildPhase section */

/* Begin PBXTargetDependency section */
		1EFA688E28300B980070356C /* PBXTargetDependency */ = {
			isa = PBXTargetDependency;
			target = 1EFA687B28300B940070356C /* swift-wesplit */;
			targetProxy = 1EFA688D28300B980070356C /* PBXContainerItemProxy */;
		};
		1EFA689828300B980070356C /* PBXTargetDependency */ = {
			isa = PBXTargetDependency;
			target = 1EFA687B28300B940070356C /* swift-wesplit */;
			targetProxy = 1EFA689728300B980070356C /* PBXContainerItemProxy */;
		};
/* End PBXTargetDependency section */

/* Begin XCBuildConfiguration section */
		1EFA689E28300B980070356C /* Debug */ = {
			isa = XCBuildConfiguration;
			buildSettings = {
				ALWAYS_SEARCH_USER_PATHS = NO;
				CLANG_ANALYZER_NONNULL = YES;
				CLANG_ANALYZER_NUMBER_OBJECT_CONVERSION = YES_AGGRESSIVE;
				CLANG_CXX_LANGUAGE_STANDARD = "gnu++17";
				CLANG_ENABLE_MODULES = YES;
				CLANG_ENABLE_OBJC_ARC = YES;
				CLANG_ENABLE_OBJC_WEAK = YES;
				CLANG_WARN_BLOCK_CAPTURE_AUTORELEASING = YES;
				CLANG_WARN_BOOL_CONVERSION = YES;
				CLANG_WARN_COMMA = YES;
				CLANG_WARN_CONSTANT_CONVERSION = YES;
				CLANG_WARN_DEPRECATED_OBJC_IMPLEMENTATIONS = YES;
				CLANG_WARN_DIRECT_OBJC_ISA_USAGE = YES_ERROR;
				CLANG_WARN_DOCUMENTATION_COMMENTS = YES;
				CLANG_WARN_EMPTY_BODY = YES;
				CLANG_WARN_ENUM_CONVERSION = YES;
				CLANG_WARN_INFINITE_RECURSION = YES;
				CLANG_WARN_INT_CONVERSION = YES;
				CLANG_WARN_NON_LITERAL_NULL_CONVERSION = YES;
				CLANG_WARN_OBJC_IMPLICIT_RETAIN_SELF = YES;
				CLANG_WARN_OBJC_LITERAL_CONVERSION = YES;
				CLANG_WARN_OBJC_ROOT_CLASS = YES_ERROR;
				CLANG_WARN_QUOTED_INCLUDE_IN_FRAMEWORK_HEADER = YES;
				CLANG_WARN_RANGE_LOOP_ANALYSIS = YES;
				CLANG_WARN_STRICT_PROTOTYPES = YES;
				CLANG_WARN_SUSPICIOUS_MOVE = YES;
				CLANG_WARN_UNGUARDED_AVAILABILITY = YES_AGGRESSIVE;
				CLANG_WARN_UNREACHABLE_CODE = YES;
				CLANG_WARN__DUPLICATE_METHOD_MATCH = YES;
				COPY_PHASE_STRIP = NO;
				DEBUG_INFORMATION_FORMAT = dwarf;
				ENABLE_STRICT_OBJC_MSGSEND = YES;
				ENABLE_TESTABILITY = YES;
				GCC_C_LANGUAGE_STANDARD = gnu11;
				GCC_DYNAMIC_NO_PIC = NO;
				GCC_NO_COMMON_BLOCKS = YES;
				GCC_OPTIMIZATION_LEVEL = 0;
				GCC_PREPROCESSOR_DEFINITIONS = (
					"DEBUG=1",
					"$(inherited)",
				);
				GCC_WARN_64_TO_32_BIT_CONVERSION = YES;
				GCC_WARN_ABOUT_RETURN_TYPE = YES_ERROR;
				GCC_WARN_UNDECLARED_SELECTOR = YES;
				GCC_WARN_UNINITIALIZED_AUTOS = YES_AGGRESSIVE;
				GCC_WARN_UNUSED_FUNCTION = YES;
				GCC_WARN_UNUSED_VARIABLE = YES;
				IPHONEOS_DEPLOYMENT_TARGET = 15.4;
				MTL_ENABLE_DEBUG_INFO = INCLUDE_SOURCE;
				MTL_FAST_MATH = YES;
				ONLY_ACTIVE_ARCH = YES;
				SDKROOT = iphoneos;
				SWIFT_ACTIVE_COMPILATION_CONDITIONS = DEBUG;
				SWIFT_OPTIMIZATION_LEVEL = "-Onone";
			};
			name = Debug;
		};
		1EFA689F28300B980070356C /* Release */ = {
			isa = XCBuildConfiguration;
			buildSettings = {
				ALWAYS_SEARCH_USER_PATHS = NO;
				CLANG_ANALYZER_NONNULL = YES;
				CLANG_ANALYZER_NUMBER_OBJECT_CONVERSION = YES_AGGRESSIVE;
				CLANG_CXX_LANGUAGE_STANDARD = "gnu++17";
				CLANG_ENABLE_MODULES = YES;
				CLANG_ENABLE_OBJC_ARC = YES;
				CLANG_ENABLE_OBJC_WEAK = YES;
				CLANG_WARN_BLOCK_CAPTURE_AUTORELEASING = YES;
				CLANG_WARN_BOOL_CONVERSION = YES;
				CLANG_WARN_COMMA = YES;
				CLANG_WARN_CONSTANT_CONVERSION = YES;
				CLANG_WARN_DEPRECATED_OBJC_IMPLEMENTATIONS = YES;
				CLANG_WARN_DIRECT_OBJC_ISA_USAGE = YES_ERROR;
				CLANG_WARN_DOCUMENTATION_COMMENTS = YES;
				CLANG_WARN_EMPTY_BODY = YES;
				CLANG_WARN_ENUM_CONVERSION = YES;
				CLANG_WARN_INFINITE_RECURSION = YES;
				CLANG_WARN_INT_CONVERSION = YES;
				CLANG_WARN_NON_LITERAL_NULL_CONVERSION = YES;
				CLANG_WARN_OBJC_IMPLICIT_RETAIN_SELF = YES;
				CLANG_WARN_OBJC_LITERAL_CONVERSION = YES;
				CLANG_WARN_OBJC_ROOT_CLASS = YES_ERROR;
				CLANG_WARN_QUOTED_INCLUDE_IN_FRAMEWORK_HEADER = YES;
				CLANG_WARN_RANGE_LOOP_ANALYSIS = YES;
				CLANG_WARN_STRICT_PROTOTYPES = YES;
				CLANG_WARN_SUSPICIOUS_MOVE = YES;
				CLANG_WARN_UNGUARDED_AVAILABILITY = YES_AGGRESSIVE;
				CLANG_WARN_UNREACHABLE_CODE = YES;
				CLANG_WARN__DUPLICATE_METHOD_MATCH = YES;
				COPY_PHASE_STRIP = NO;
				DEBUG_INFORMATION_FORMAT = "dwarf-with-dsym";
				ENABLE_NS_ASSERTIONS = NO;
				ENABLE_STRICT_OBJC_MSGSEND = YES;
				GCC_C_LANGUAGE_STANDARD = gnu11;
				GCC_NO_COMMON_BLOCKS = YES;
				GCC_WARN_64_TO_32_BIT_CONVERSION = YES;
				GCC_WARN_ABOUT_RETURN_TYPE = YES_ERROR;
				GCC_WARN_UNDECLARED_SELECTOR = YES;
				GCC_WARN_UNINITIALIZED_AUTOS = YES_AGGRESSIVE;
				GCC_WARN_UNUSED_FUNCTION = YES;
				GCC_WARN_UNUSED_VARIABLE = YES;
				IPHONEOS_DEPLOYMENT_TARGET = 15.4;
				MTL_ENABLE_DEBUG_INFO = NO;
				MTL_FAST_MATH = YES;
				SDKROOT = iphoneos;
				SWIFT_COMPILATION_MODE = wholemodule;
				SWIFT_OPTIMIZATION_LEVEL = "-O";
				VALIDATE_PRODUCT = YES;
			};
			name = Release;
		};
		1EFA68A128300B980070356C /* Debug */ = {
			isa = XCBuildConfiguration;
			buildSettings = {
				ASSETCATALOG_COMPILER_APPICON_NAME = AppIcon;
				ASSETCATALOG_COMPILER_GLOBAL_ACCENT_COLOR_NAME = AccentColor;
				CODE_SIGN_STYLE = Automatic;
				CURRENT_PROJECT_VERSION = 1;
				DEVELOPMENT_ASSET_PATHS = "\"swift-wesplit/Preview Content\"";
				ENABLE_PREVIEWS = YES;
				GENERATE_INFOPLIST_FILE = YES;
				INFOPLIST_KEY_UIApplicationSceneManifest_Generation = YES;
				INFOPLIST_KEY_UIApplicationSupportsIndirectInputEvents = YES;
				INFOPLIST_KEY_UILaunchScreen_Generation = YES;
				INFOPLIST_KEY_UISupportedInterfaceOrientations_iPad = "UIInterfaceOrientationPortrait UIInterfaceOrientationPortraitUpsideDown UIInterfaceOrientationLandscapeLeft UIInterfaceOrientationLandscapeRight";
				INFOPLIST_KEY_UISupportedInterfaceOrientations_iPhone = "UIInterfaceOrientationPortrait UIInterfaceOrientationLandscapeLeft UIInterfaceOrientationLandscapeRight";
				LD_RUNPATH_SEARCH_PATHS = (
					"$(inherited)",
					"@executable_path/Frameworks",
				);
				MARKETING_VERSION = 1.0;
				PRODUCT_BUNDLE_IDENTIFIER = "wesplit.swift-wesplit";
				PRODUCT_NAME = "$(TARGET_NAME)";
				SWIFT_EMIT_LOC_STRINGS = YES;
				SWIFT_VERSION = 5.0;
				TARGETED_DEVICE_FAMILY = "1,2";
			};
			name = Debug;
		};
		1EFA68A228300B980070356C /* Release */ = {
			isa = XCBuildConfiguration;
			buildSettings = {
				ASSETCATALOG_COMPILER_APPICON_NAME = AppIcon;
				ASSETCATALOG_COMPILER_GLOBAL_ACCENT_COLOR_NAME = AccentColor;
				CODE_SIGN_STYLE = Automatic;
				CURRENT_PROJECT_VERSION = 1;
				DEVELOPMENT_ASSET_PATHS = "\"swift-wesplit/Preview Content\"";
				ENABLE_PREVIEWS = YES;
				GENERATE_INFOPLIST_FILE = YES;
				INFOPLIST_KEY_UIApplicationSceneManifest_Generation = YES;
				INFOPLIST_KEY_UIApplicationSupportsIndirectInputEvents = YES;
				INFOPLIST_KEY_UILaunchScreen_Generation = YES;
				INFOPLIST_KEY_UISupportedInterfaceOrientations_iPad = "UIInterfaceOrientationPortrait UIInterfaceOrientationPortraitUpsideDown UIInterfaceOrientationLandscapeLeft UIInterfaceOrientationLandscapeRight";
				INFOPLIST_KEY_UISupportedInterfaceOrientations_iPhone = "UIInterfaceOrientationPortrait UIInterfaceOrientationLandscapeLeft UIInterfaceOrientationLandscapeRight";
				LD_RUNPATH_SEARCH_PATHS = (
					"$(inherited)",
					"@executable_path/Frameworks",
				);
				MARKETING_VERSION = 1.0;
				PRODUCT_BUNDLE_IDENTIFIER = "wesplit.swift-wesplit";
				PRODUCT_NAME = "$(TARGET_NAME)";
				SWIFT_EMIT_LOC_STRINGS = YES;
				SWIFT_VERSION = 5.0;
				TARGETED_DEVICE_FAMILY = "1,2";
			};
			name = Release;
		};
		1EFA68A428300B980070356C /* Debug */ = {
			isa = XCBuildConfiguration;
			buildSettings = {
				ALWAYS_EMBED_SWIFT_STANDARD_LIBRARIES = YES;
				BUNDLE_LOADER = "$(TEST_HOST)";
				CODE_SIGN_STYLE = Automatic;
				CURRENT_PROJECT_VERSION = 1;
				GENERATE_INFOPLIST_FILE = YES;
				IPHONEOS_DEPLOYMENT_TARGET = 15.4;
				MARKETING_VERSION = 1.0;
				PRODUCT_BUNDLE_IDENTIFIER = "wesplit.swift-wesplitTests";
				PRODUCT_NAME = "$(TARGET_NAME)";
				SWIFT_EMIT_LOC_STRINGS = NO;
				SWIFT_VERSION = 5.0;
				TARGETED_DEVICE_FAMILY = "1,2";
				TEST_HOST = "$(BUILT_PRODUCTS_DIR)/swift-wesplit.app/swift-wesplit";
			};
			name = Debug;
		};
		1EFA68A528300B980070356C /* Release */ = {
			isa = XCBuildConfiguration;
			buildSettings = {
				ALWAYS_EMBED_SWIFT_STANDARD_LIBRARIES = YES;
				BUNDLE_LOADER = "$(TEST_HOST)";
				CODE_SIGN_STYLE = Automatic;
				CURRENT_PROJECT_VERSION = 1;
				GENERATE_INFOPLIST_FILE = YES;
				IPHONEOS_DEPLOYMENT_TARGET = 15.4;
				MARKETING_VERSION = 1.0;
				PRODUCT_BUNDLE_IDENTIFIER = "wesplit.swift-wesplitTests";
				PRODUCT_NAME = "$(TARGET_NAME)";
				SWIFT_EMIT_LOC_STRINGS = NO;
				SWIFT_VERSION = 5.0;
				TARGETED_DEVICE_FAMILY = "1,2";
				TEST_HOST = "$(BUILT_PRODUCTS_DIR)/swift-wesplit.app/swift-wesplit";
			};
			name = Release;
		};
		1EFA68A728300B980070356C /* Debug */ = {
			isa = XCBuildConfiguration;
			buildSettings = {
				ALWAYS_EMBED_SWIFT_STANDARD_LIBRARIES = YES;
				CODE_SIGN_STYLE = Automatic;
				CURRENT_PROJECT_VERSION = 1;
				GENERATE_INFOPLIST_FILE = YES;
				MARKETING_VERSION = 1.0;
				PRODUCT_BUNDLE_IDENTIFIER = "wesplit.swift-wesplitUITests";
				PRODUCT_NAME = "$(TARGET_NAME)";
				SWIFT_EMIT_LOC_STRINGS = NO;
				SWIFT_VERSION = 5.0;
				TARGETED_DEVICE_FAMILY = "1,2";
				TEST_TARGET_NAME = "swift-wesplit";
			};
			name = Debug;
		};
		1EFA68A828300B980070356C /* Release */ = {
			isa = XCBuildConfiguration;
			buildSettings = {
				ALWAYS_EMBED_SWIFT_STANDARD_LIBRARIES = YES;
				CODE_SIGN_STYLE = Automatic;
				CURRENT_PROJECT_VERSION = 1;
				GENERATE_INFOPLIST_FILE = YES;
				MARKETING_VERSION = 1.0;
				PRODUCT_BUNDLE_IDENTIFIER = "wesplit.swift-wesplitUITests";
				PRODUCT_NAME = "$(TARGET_NAME)";
				SWIFT_EMIT_LOC_STRINGS = NO;
				SWIFT_VERSION = 5.0;
				TARGETED_DEVICE_FAMILY = "1,2";
				TEST_TARGET_NAME = "swift-wesplit";
			};
			name = Release;
		};
/* End XCBuildConfiguration section */

/* Begin XCConfigurationList section */
		1EFA687728300B940070356C /* Build configuration list for PBXProject "swift-wesplit" */ = {
			isa = XCConfigurationList;
			buildConfigurations = (
				1EFA689E28300B980070356C /* Debug */,
				1EFA689F28300B980070356C /* Release */,
			);
			defaultConfigurationIsVisible = 0;
			defaultConfigurationName = Release;
		};
		1EFA68A028300B980070356C /* Build configuration list for PBXNativeTarget "swift-wesplit" */ = {
			isa = XCConfigurationList;
			buildConfigurations = (
				1EFA68A128300B980070356C /* Debug */,
				1EFA68A228300B980070356C /* Release */,
			);
			defaultConfigurationIsVisible = 0;
			defaultConfigurationName = Release;
		};
		1EFA68A328300B980070356C /* Build configuration list for PBXNativeTarget "swift-wesplitTests" */ = {
			isa = XCConfigurationList;
			buildConfigurations = (
				1EFA68A428300B980070356C /* Debug */,
				1EFA68A528300B980070356C /* Release */,
			);
			defaultConfigurationIsVisible = 0;
			defaultConfigurationName = Release;
		};
		1EFA68A628300B980070356C /* Build configuration list for PBXNativeTarget "swift-wesplitUITests" */ = {
			isa = XCConfigurationList;
			buildConfigurations = (
				1EFA68A728300B980070356C /* Debug */,
				1EFA68A828300B980070356C /* Release */,
			);
			defaultConfigurationIsVisible = 0;
			defaultConfigurationName = Release;
		};
/* End XCConfigurationList section */
	};
	rootObject = 1EFA687428300B940070356C /* Project object */;
}
