// !$*UTF8*$!
{
	archiveVersion = 1;
	classes = {
	};
	objectVersion = 50;
	objects = {

/* Begin PBXBuildFile section */
		1EB9A9F9297E2A5D00E12B7A /* BookwormPrefixApp.swift in Sources */ = {isa = PBXBuildFile; fileRef = 1EB9A9F8297E2A5D00E12B7A /* BookwormPrefixApp.swift */; };
		1EB9A9FB297E2A5D00E12B7A /* ContentView.swift in Sources */ = {isa = PBXBuildFile; fileRef = 1EB9A9FA297E2A5D00E12B7A /* ContentView.swift */; };
		1EB9A9FD297E2A5F00E12B7A /* Assets.xcassets in Resources */ = {isa = PBXBuildFile; fileRef = 1EB9A9FC297E2A5F00E12B7A /* Assets.xcassets */; };
		1EB9AA00297E2A5F00E12B7A /* Preview Assets.xcassets in Resources */ = {isa = PBXBuildFile; fileRef = 1EB9A9FF297E2A5F00E12B7A /* Preview Assets.xcassets */; };
/* End PBXBuildFile section */

/* Begin PBXFileReference section */
		1EB9A9F5297E2A5D00E12B7A /* BookwormPrefix.app */ = {isa = PBXFileReference; explicitFileType = wrapper.application; includeInIndex = 0; path = BookwormPrefix.app; sourceTree = BUILT_PRODUCTS_DIR; };
		1EB9A9F8297E2A5D00E12B7A /* BookwormPrefixApp.swift */ = {isa = PBXFileReference; lastKnownFileType = sourcecode.swift; path = BookwormPrefixApp.swift; sourceTree = "<group>"; };
		1EB9A9FA297E2A5D00E12B7A /* ContentView.swift */ = {isa = PBXFileReference; lastKnownFileType = sourcecode.swift; path = ContentView.swift; sourceTree = "<group>"; };
		1EB9A9FC297E2A5F00E12B7A /* Assets.xcassets */ = {isa = PBXFileReference; lastKnownFileType = folder.assetcatalog; path = Assets.xcassets; sourceTree = "<group>"; };
		1EB9A9FF297E2A5F00E12B7A /* Preview Assets.xcassets */ = {isa = PBXFileReference; lastKnownFileType = folder.assetcatalog; path = "Preview Assets.xcassets"; sourceTree = "<group>"; };
		1EB9AA01297E2A5F00E12B7A /* Info.plist */ = {isa = PBXFileReference; lastKnownFileType = text.plist.xml; path = Info.plist; sourceTree = "<group>"; };
/* End PBXFileReference section */

/* Begin PBXFrameworksBuildPhase section */
		1EB9A9F2297E2A5D00E12B7A /* Frameworks */ = {
			isa = PBXFrameworksBuildPhase;
			buildActionMask = 2147483647;
			files = (
			);
			runOnlyForDeploymentPostprocessing = 0;
		};
/* End PBXFrameworksBuildPhase section */

/* Begin PBXGroup section */
		1EB9A9EC297E2A5D00E12B7A = {
			isa = PBXGroup;
			children = (
				1EB9A9F7297E2A5D00E12B7A /* BookwormPrefix */,
				1EB9A9F6297E2A5D00E12B7A /* Products */,
			);
			sourceTree = "<group>";
		};
		1EB9A9F6297E2A5D00E12B7A /* Products */ = {
			isa = PBXGroup;
			children = (
				1EB9A9F5297E2A5D00E12B7A /* BookwormPrefix.app */,
			);
			name = Products;
			sourceTree = "<group>";
		};
		1EB9A9F7297E2A5D00E12B7A /* BookwormPrefix */ = {
			isa = PBXGroup;
			children = (
				1EB9A9F8297E2A5D00E12B7A /* BookwormPrefixApp.swift */,
				1EB9A9FA297E2A5D00E12B7A /* ContentView.swift */,
				1EB9A9FC297E2A5F00E12B7A /* Assets.xcassets */,
				1EB9AA01297E2A5F00E12B7A /* Info.plist */,
				1EB9A9FE297E2A5F00E12B7A /* Preview Content */,
			);
			path = BookwormPrefix;
			sourceTree = "<group>";
		};
		1EB9A9FE297E2A5F00E12B7A /* Preview Content */ = {
			isa = PBXGroup;
			children = (
				1EB9A9FF297E2A5F00E12B7A /* Preview Assets.xcassets */,
			);
			path = "Preview Content";
			sourceTree = "<group>";
		};
/* End PBXGroup section */

/* Begin PBXNativeTarget section */
		1EB9A9F4297E2A5D00E12B7A /* BookwormPrefix */ = {
			isa = PBXNativeTarget;
			buildConfigurationList = 1EB9AA04297E2A5F00E12B7A /* Build configuration list for PBXNativeTarget "BookwormPrefix" */;
			buildPhases = (
				1EB9A9F1297E2A5D00E12B7A /* Sources */,
				1EB9A9F2297E2A5D00E12B7A /* Frameworks */,
				1EB9A9F3297E2A5D00E12B7A /* Resources */,
			);
			buildRules = (
			);
			dependencies = (
			);
			name = BookwormPrefix;
			productName = BookwormPrefix;
			productReference = 1EB9A9F5297E2A5D00E12B7A /* BookwormPrefix.app */;
			productType = "com.apple.product-type.application";
		};
/* End PBXNativeTarget section */

/* Begin PBXProject section */
		1EB9A9ED297E2A5D00E12B7A /* Project object */ = {
			isa = PBXProject;
			attributes = {
				LastSwiftUpdateCheck = 1240;
				LastUpgradeCheck = 1240;
				TargetAttributes = {
					1EB9A9F4297E2A5D00E12B7A = {
						CreatedOnToolsVersion = 12.4;
					};
				};
			};
			buildConfigurationList = 1EB9A9F0297E2A5D00E12B7A /* Build configuration list for PBXProject "BookwormPrefix" */;
			compatibilityVersion = "Xcode 9.3";
			developmentRegion = en;
			hasScannedForEncodings = 0;
			knownRegions = (
				en,
				Base,
			);
			mainGroup = 1EB9A9EC297E2A5D00E12B7A;
			productRefGroup = 1EB9A9F6297E2A5D00E12B7A /* Products */;
			projectDirPath = "";
			projectRoot = "";
			targets = (
				1EB9A9F4297E2A5D00E12B7A /* BookwormPrefix */,
			);
		};
/* End PBXProject section */

/* Begin PBXResourcesBuildPhase section */
		1EB9A9F3297E2A5D00E12B7A /* Resources */ = {
			isa = PBXResourcesBuildPhase;
			buildActionMask = 2147483647;
			files = (
				1EB9AA00297E2A5F00E12B7A /* Preview Assets.xcassets in Resources */,
				1EB9A9FD297E2A5F00E12B7A /* Assets.xcassets in Resources */,
			);
			runOnlyForDeploymentPostprocessing = 0;
		};
/* End PBXResourcesBuildPhase section */

/* Begin PBXSourcesBuildPhase section */
		1EB9A9F1297E2A5D00E12B7A /* Sources */ = {
			isa = PBXSourcesBuildPhase;
			buildActionMask = 2147483647;
			files = (
				1EB9A9FB297E2A5D00E12B7A /* ContentView.swift in Sources */,
				1EB9A9F9297E2A5D00E12B7A /* BookwormPrefixApp.swift in Sources */,
			);
			runOnlyForDeploymentPostprocessing = 0;
		};
/* End PBXSourcesBuildPhase section */

/* Begin XCBuildConfiguration section */
		1EB9AA02297E2A5F00E12B7A /* Debug */ = {
			isa = XCBuildConfiguration;
			buildSettings = {
				ALWAYS_SEARCH_USER_PATHS = NO;
				CLANG_ANALYZER_NONNULL = YES;
				CLANG_ANALYZER_NUMBER_OBJECT_CONVERSION = YES_AGGRESSIVE;
				CLANG_CXX_LANGUAGE_STANDARD = "gnu++14";
				CLANG_CXX_LIBRARY = "libc++";
				CLANG_ENABLE_MODULES = YES;
				CLANG_ENABLE_OBJC_ARC = YES;
				CLANG_ENABLE_OBJC_WEAK = YES;
				CLANG_WARN_BLOCK_CAPTURE_AUTORELEASING = YES;
				CLANG_WARN_BOOL_CONVERSION = YES;
				CLANG_WARN_COMMA = YES;
				CLANG_WARN_CONSTANT_CONVERSION = YES;
				CLANG_WARN_DEPRECATED_OBJC_IMPLEMENTATIONS = YES;
				CLANG_WARN_DIRECT_OBJC_ISA_USAGE = YES_ERROR;
				CLANG_WARN_DOCUMENTATION_COMMENTS = YES;
				CLANG_WARN_EMPTY_BODY = YES;
				CLANG_WARN_ENUM_CONVERSION = YES;
				CLANG_WARN_INFINITE_RECURSION = YES;
				CLANG_WARN_INT_CONVERSION = YES;
				CLANG_WARN_NON_LITERAL_NULL_CONVERSION = YES;
				CLANG_WARN_OBJC_IMPLICIT_RETAIN_SELF = YES;
				CLANG_WARN_OBJC_LITERAL_CONVERSION = YES;
				CLANG_WARN_OBJC_ROOT_CLASS = YES_ERROR;
				CLANG_WARN_QUOTED_INCLUDE_IN_FRAMEWORK_HEADER = YES;
				CLANG_WARN_RANGE_LOOP_ANALYSIS = YES;
				CLANG_WARN_STRICT_PROTOTYPES = YES;
				CLANG_WARN_SUSPICIOUS_MOVE = YES;
				CLANG_WARN_UNGUARDED_AVAILABILITY = YES_AGGRESSIVE;
				CLANG_WARN_UNREACHABLE_CODE = YES;
				CLANG_WARN__DUPLICATE_METHOD_MATCH = YES;
				COPY_PHASE_STRIP = NO;
				DEBUG_INFORMATION_FORMAT = dwarf;
				ENABLE_STRICT_OBJC_MSGSEND = YES;
				ENABLE_TESTABILITY = YES;
				GCC_C_LANGUAGE_STANDARD = gnu11;
				GCC_DYNAMIC_NO_PIC = NO;
				GCC_NO_COMMON_BLOCKS = YES;
				GCC_OPTIMIZATION_LEVEL = 0;
				GCC_PREPROCESSOR_DEFINITIONS = (
					"DEBUG=1",
					"$(inherited)",
				);
				GCC_WARN_64_TO_32_BIT_CONVERSION = YES;
				GCC_WARN_ABOUT_RETURN_TYPE = YES_ERROR;
				GCC_WARN_UNDECLARED_SELECTOR = YES;
				GCC_WARN_UNINITIALIZED_AUTOS = YES_AGGRESSIVE;
				GCC_WARN_UNUSED_FUNCTION = YES;
				GCC_WARN_UNUSED_VARIABLE = YES;
				IPHONEOS_DEPLOYMENT_TARGET = 14.4;
				MTL_ENABLE_DEBUG_INFO = INCLUDE_SOURCE;
				MTL_FAST_MATH = YES;
				ONLY_ACTIVE_ARCH = YES;
				SDKROOT = iphoneos;
				SWIFT_ACTIVE_COMPILATION_CONDITIONS = DEBUG;
				SWIFT_OPTIMIZATION_LEVEL = "-Onone";
			};
			name = Debug;
		};
		1EB9AA03297E2A5F00E12B7A /* Release */ = {
			isa = XCBuildConfiguration;
			buildSettings = {
				ALWAYS_SEARCH_USER_PATHS = NO;
				CLANG_ANALYZER_NONNULL = YES;
				CLANG_ANALYZER_NUMBER_OBJECT_CONVERSION = YES_AGGRESSIVE;
				CLANG_CXX_LANGUAGE_STANDARD = "gnu++14";
				CLANG_CXX_LIBRARY = "libc++";
				CLANG_ENABLE_MODULES = YES;
				CLANG_ENABLE_OBJC_ARC = YES;
				CLANG_ENABLE_OBJC_WEAK = YES;
				CLANG_WARN_BLOCK_CAPTURE_AUTORELEASING = YES;
				CLANG_WARN_BOOL_CONVERSION = YES;
				CLANG_WARN_COMMA = YES;
				CLANG_WARN_CONSTANT_CONVERSION = YES;
				CLANG_WARN_DEPRECATED_OBJC_IMPLEMENTATIONS = YES;
				CLANG_WARN_DIRECT_OBJC_ISA_USAGE = YES_ERROR;
				CLANG_WARN_DOCUMENTATION_COMMENTS = YES;
				CLANG_WARN_EMPTY_BODY = YES;
				CLANG_WARN_ENUM_CONVERSION = YES;
				CLANG_WARN_INFINITE_RECURSION = YES;
				CLANG_WARN_INT_CONVERSION = YES;
				CLANG_WARN_NON_LITERAL_NULL_CONVERSION = YES;
				CLANG_WARN_OBJC_IMPLICIT_RETAIN_SELF = YES;
				CLANG_WARN_OBJC_LITERAL_CONVERSION = YES;
				CLANG_WARN_OBJC_ROOT_CLASS = YES_ERROR;
				CLANG_WARN_QUOTED_INCLUDE_IN_FRAMEWORK_HEADER = YES;
				CLANG_WARN_RANGE_LOOP_ANALYSIS = YES;
				CLANG_WARN_STRICT_PROTOTYPES = YES;
				CLANG_WARN_SUSPICIOUS_MOVE = YES;
				CLANG_WARN_UNGUARDED_AVAILABILITY = YES_AGGRESSIVE;
				CLANG_WARN_UNREACHABLE_CODE = YES;
				CLANG_WARN__DUPLICATE_METHOD_MATCH = YES;
				COPY_PHASE_STRIP = NO;
				DEBUG_INFORMATION_FORMAT = "dwarf-with-dsym";
				ENABLE_NS_ASSERTIONS = NO;
				ENABLE_STRICT_OBJC_MSGSEND = YES;
				GCC_C_LANGUAGE_STANDARD = gnu11;
				GCC_NO_COMMON_BLOCKS = YES;
				GCC_WARN_64_TO_32_BIT_CONVERSION = YES;
				GCC_WARN_ABOUT_RETURN_TYPE = YES_ERROR;
				GCC_WARN_UNDECLARED_SELECTOR = YES;
				GCC_WARN_UNINITIALIZED_AUTOS = YES_AGGRESSIVE;
				GCC_WARN_UNUSED_FUNCTION = YES;
				GCC_WARN_UNUSED_VARIABLE = YES;
				IPHONEOS_DEPLOYMENT_TARGET = 14.4;
				MTL_ENABLE_DEBUG_INFO = NO;
				MTL_FAST_MATH = YES;
				SDKROOT = iphoneos;
				SWIFT_COMPILATION_MODE = wholemodule;
				SWIFT_OPTIMIZATION_LEVEL = "-O";
				VALIDATE_PRODUCT = YES;
			};
			name = Release;
		};
		1EB9AA05297E2A5F00E12B7A /* Debug */ = {
			isa = XCBuildConfiguration;
			buildSettings = {
				ASSETCATALOG_COMPILER_APPICON_NAME = AppIcon;
				ASSETCATALOG_COMPILER_GLOBAL_ACCENT_COLOR_NAME = AccentColor;
				CODE_SIGN_STYLE = Automatic;
				DEVELOPMENT_ASSET_PATHS = "\"BookwormPrefix/Preview Content\"";
				DEVELOPMENT_TEAM = 2MU5Q3N3P9;
				ENABLE_PREVIEWS = YES;
				INFOPLIST_FILE = BookwormPrefix/Info.plist;
				IPHONEOS_DEPLOYMENT_TARGET = 14.0;
				LD_RUNPATH_SEARCH_PATHS = (
					"$(inherited)",
					"@executable_path/Frameworks",
				);
				PRODUCT_BUNDLE_IDENTIFIER = com.lymos.BookwormPrefix;
				PRODUCT_NAME = "$(TARGET_NAME)";
				SWIFT_VERSION = 5.0;
				TARGETED_DEVICE_FAMILY = "1,2";
			};
			name = Debug;
		};
		1EB9AA06297E2A5F00E12B7A /* Release */ = {
			isa = XCBuildConfiguration;
			buildSettings = {
				ASSETCATALOG_COMPILER_APPICON_NAME = AppIcon;
				ASSETCATALOG_COMPILER_GLOBAL_ACCENT_COLOR_NAME = AccentColor;
				CODE_SIGN_STYLE = Automatic;
				DEVELOPMENT_ASSET_PATHS = "\"BookwormPrefix/Preview Content\"";
				DEVELOPMENT_TEAM = 2MU5Q3N3P9;
				ENABLE_PREVIEWS = YES;
				INFOPLIST_FILE = BookwormPrefix/Info.plist;
				IPHONEOS_DEPLOYMENT_TARGET = 14.0;
				LD_RUNPATH_SEARCH_PATHS = (
					"$(inherited)",
					"@executable_path/Frameworks",
				);
				PRODUCT_BUNDLE_IDENTIFIER = com.lymos.BookwormPrefix;
				PRODUCT_NAME = "$(TARGET_NAME)";
				SWIFT_VERSION = 5.0;
				TARGETED_DEVICE_FAMILY = "1,2";
			};
			name = Release;
		};
/* End XCBuildConfiguration section */

/* Begin XCConfigurationList section */
		1EB9A9F0297E2A5D00E12B7A /* Build configuration list for PBXProject "BookwormPrefix" */ = {
			isa = XCConfigurationList;
			buildConfigurations = (
				1EB9AA02297E2A5F00E12B7A /* Debug */,
				1EB9AA03297E2A5F00E12B7A /* Release */,
			);
			defaultConfigurationIsVisible = 0;
			defaultConfigurationName = Release;
		};
		1EB9AA04297E2A5F00E12B7A /* Build configuration list for PBXNativeTarget "BookwormPrefix" */ = {
			isa = XCConfigurationList;
			buildConfigurations = (
				1EB9AA05297E2A5F00E12B7A /* Debug */,
				1EB9AA06297E2A5F00E12B7A /* Release */,
			);
			defaultConfigurationIsVisible = 0;
			defaultConfigurationName = Release;
		};
/* End XCConfigurationList section */
	};
	rootObject = 1EB9A9ED297E2A5D00E12B7A /* Project object */;
}
