// !$*UTF8*$!
{
	archiveVersion = 1;
	classes = {
	};
	objectVersion = 55;
	objects = {

/* Begin PBXBuildFile section */
		1EE00F3A2839A8D30029F8A8 /* viewAndModifierApp.swift in Sources */ = {isa = PBXBuildFile; fileRef = 1EE00F392839A8D30029F8A8 /* viewAndModifierApp.swift */; };
		1EE00F3C2839A8D30029F8A8 /* ContentView.swift in Sources */ = {isa = PBXBuildFile; fileRef = 1EE00F3B2839A8D30029F8A8 /* ContentView.swift */; };
		1EE00F3E2839A8EB0029F8A8 /* Assets.xcassets in Resources */ = {isa = PBXBuildFile; fileRef = 1EE00F3D2839A8EB0029F8A8 /* Assets.xcassets */; };
		1EE00F412839A8EC0029F8A8 /* Preview Assets.xcassets in Resources */ = {isa = PBXBuildFile; fileRef = 1EE00F402839A8EC0029F8A8 /* Preview Assets.xcassets */; };
		1EE00F4B2839A8EC0029F8A8 /* viewAndModifierTests.swift in Sources */ = {isa = PBXBuildFile; fileRef = 1EE00F4A2839A8EC0029F8A8 /* viewAndModifierTests.swift */; };
		1EE00F552839A8EC0029F8A8 /* viewAndModifierUITests.swift in Sources */ = {isa = PBXBuildFile; fileRef = 1EE00F542839A8EC0029F8A8 /* viewAndModifierUITests.swift */; };
		1EE00F572839A8EC0029F8A8 /* viewAndModifierUITestsLaunchTests.swift in Sources */ = {isa = PBXBuildFile; fileRef = 1EE00F562839A8EC0029F8A8 /* viewAndModifierUITestsLaunchTests.swift */; };
/* End PBXBuildFile section */

/* Begin PBXContainerItemProxy section */
		1EE00F472839A8EC0029F8A8 /* PBXContainerItemProxy */ = {
			isa = PBXContainerItemProxy;
			containerPortal = 1EE00F2E2839A8D30029F8A8 /* Project object */;
			proxyType = 1;
			remoteGlobalIDString = 1EE00F352839A8D30029F8A8;
			remoteInfo = viewAndModifier;
		};
		1EE00F512839A8EC0029F8A8 /* PBXContainerItemProxy */ = {
			isa = PBXContainerItemProxy;
			containerPortal = 1EE00F2E2839A8D30029F8A8 /* Project object */;
			proxyType = 1;
			remoteGlobalIDString = 1EE00F352839A8D30029F8A8;
			remoteInfo = viewAndModifier;
		};
/* End PBXContainerItemProxy section */

/* Begin PBXFileReference section */
		1EE00F362839A8D30029F8A8 /* viewAndModifier.app */ = {isa = PBXFileReference; explicitFileType = wrapper.application; includeInIndex = 0; path = viewAndModifier.app; sourceTree = BUILT_PRODUCTS_DIR; };
		1EE00F392839A8D30029F8A8 /* viewAndModifierApp.swift */ = {isa = PBXFileReference; lastKnownFileType = sourcecode.swift; path = viewAndModifierApp.swift; sourceTree = "<group>"; };
		1EE00F3B2839A8D30029F8A8 /* ContentView.swift */ = {isa = PBXFileReference; lastKnownFileType = sourcecode.swift; path = ContentView.swift; sourceTree = "<group>"; };
		1EE00F3D2839A8EB0029F8A8 /* Assets.xcassets */ = {isa = PBXFileReference; lastKnownFileType = folder.assetcatalog; path = Assets.xcassets; sourceTree = "<group>"; };
		1EE00F402839A8EC0029F8A8 /* Preview Assets.xcassets */ = {isa = PBXFileReference; lastKnownFileType = folder.assetcatalog; path = "Preview Assets.xcassets"; sourceTree = "<group>"; };
		1EE00F462839A8EC0029F8A8 /* viewAndModifierTests.xctest */ = {isa = PBXFileReference; explicitFileType = wrapper.cfbundle; includeInIndex = 0; path = viewAndModifierTests.xctest; sourceTree = BUILT_PRODUCTS_DIR; };
		1EE00F4A2839A8EC0029F8A8 /* viewAndModifierTests.swift */ = {isa = PBXFileReference; lastKnownFileType = sourcecode.swift; path = viewAndModifierTests.swift; sourceTree = "<group>"; };
		1EE00F502839A8EC0029F8A8 /* viewAndModifierUITests.xctest */ = {isa = PBXFileReference; explicitFileType = wrapper.cfbundle; includeInIndex = 0; path = viewAndModifierUITests.xctest; sourceTree = BUILT_PRODUCTS_DIR; };
		1EE00F542839A8EC0029F8A8 /* viewAndModifierUITests.swift */ = {isa = PBXFileReference; lastKnownFileType = sourcecode.swift; path = viewAndModifierUITests.swift; sourceTree = "<group>"; };
		1EE00F562839A8EC0029F8A8 /* viewAndModifierUITestsLaunchTests.swift */ = {isa = PBXFileReference; lastKnownFileType = sourcecode.swift; path = viewAndModifierUITestsLaunchTests.swift; sourceTree = "<group>"; };
/* End PBXFileReference section */

/* Begin PBXFrameworksBuildPhase section */
		1EE00F332839A8D30029F8A8 /* Frameworks */ = {
			isa = PBXFrameworksBuildPhase;
			buildActionMask = 2147483647;
			files = (
			);
			runOnlyForDeploymentPostprocessing = 0;
		};
		1EE00F432839A8EC0029F8A8 /* Frameworks */ = {
			isa = PBXFrameworksBuildPhase;
			buildActionMask = 2147483647;
			files = (
			);
			runOnlyForDeploymentPostprocessing = 0;
		};
		1EE00F4D2839A8EC0029F8A8 /* Frameworks */ = {
			isa = PBXFrameworksBuildPhase;
			buildActionMask = 2147483647;
			files = (
			);
			runOnlyForDeploymentPostprocessing = 0;
		};
/* End PBXFrameworksBuildPhase section */

/* Begin PBXGroup section */
		1EE00F2D2839A8D30029F8A8 = {
			isa = PBXGroup;
			children = (
				1EE00F382839A8D30029F8A8 /* viewAndModifier */,
				1EE00F492839A8EC0029F8A8 /* viewAndModifierTests */,
				1EE00F532839A8EC0029F8A8 /* viewAndModifierUITests */,
				1EE00F372839A8D30029F8A8 /* Products */,
			);
			sourceTree = "<group>";
		};
		1EE00F372839A8D30029F8A8 /* Products */ = {
			isa = PBXGroup;
			children = (
				1EE00F362839A8D30029F8A8 /* viewAndModifier.app */,
				1EE00F462839A8EC0029F8A8 /* viewAndModifierTests.xctest */,
				1EE00F502839A8EC0029F8A8 /* viewAndModifierUITests.xctest */,
			);
			name = Products;
			sourceTree = "<group>";
		};
		1EE00F382839A8D30029F8A8 /* viewAndModifier */ = {
			isa = PBXGroup;
			children = (
				1EE00F392839A8D30029F8A8 /* viewAndModifierApp.swift */,
				1EE00F3B2839A8D30029F8A8 /* ContentView.swift */,
				1EE00F3D2839A8EB0029F8A8 /* Assets.xcassets */,
				1EE00F3F2839A8EC0029F8A8 /* Preview Content */,
			);
			path = viewAndModifier;
			sourceTree = "<group>";
		};
		1EE00F3F2839A8EC0029F8A8 /* Preview Content */ = {
			isa = PBXGroup;
			children = (
				1EE00F402839A8EC0029F8A8 /* Preview Assets.xcassets */,
			);
			path = "Preview Content";
			sourceTree = "<group>";
		};
		1EE00F492839A8EC0029F8A8 /* viewAndModifierTests */ = {
			isa = PBXGroup;
			children = (
				1EE00F4A2839A8EC0029F8A8 /* viewAndModifierTests.swift */,
			);
			path = viewAndModifierTests;
			sourceTree = "<group>";
		};
		1EE00F532839A8EC0029F8A8 /* viewAndModifierUITests */ = {
			isa = PBXGroup;
			children = (
				1EE00F542839A8EC0029F8A8 /* viewAndModifierUITests.swift */,
				1EE00F562839A8EC0029F8A8 /* viewAndModifierUITestsLaunchTests.swift */,
			);
			path = viewAndModifierUITests;
			sourceTree = "<group>";
		};
/* End PBXGroup section */

/* Begin PBXNativeTarget section */
		1EE00F352839A8D30029F8A8 /* viewAndModifier */ = {
			isa = PBXNativeTarget;
			buildConfigurationList = 1EE00F5A2839A8EC0029F8A8 /* Build configuration list for PBXNativeTarget "viewAndModifier" */;
			buildPhases = (
				1EE00F322839A8D30029F8A8 /* Sources */,
				1EE00F332839A8D30029F8A8 /* Frameworks */,
				1EE00F342839A8D30029F8A8 /* Resources */,
			);
			buildRules = (
			);
			dependencies = (
			);
			name = viewAndModifier;
			productName = viewAndModifier;
			productReference = 1EE00F362839A8D30029F8A8 /* viewAndModifier.app */;
			productType = "com.apple.product-type.application";
		};
		1EE00F452839A8EC0029F8A8 /* viewAndModifierTests */ = {
			isa = PBXNativeTarget;
			buildConfigurationList = 1EE00F5D2839A8EC0029F8A8 /* Build configuration list for PBXNativeTarget "viewAndModifierTests" */;
			buildPhases = (
				1EE00F422839A8EC0029F8A8 /* Sources */,
				1EE00F432839A8EC0029F8A8 /* Frameworks */,
				1EE00F442839A8EC0029F8A8 /* Resources */,
			);
			buildRules = (
			);
			dependencies = (
				1EE00F482839A8EC0029F8A8 /* PBXTargetDependency */,
			);
			name = viewAndModifierTests;
			productName = viewAndModifierTests;
			productReference = 1EE00F462839A8EC0029F8A8 /* viewAndModifierTests.xctest */;
			productType = "com.apple.product-type.bundle.unit-test";
		};
		1EE00F4F2839A8EC0029F8A8 /* viewAndModifierUITests */ = {
			isa = PBXNativeTarget;
			buildConfigurationList = 1EE00F602839A8EC0029F8A8 /* Build configuration list for PBXNativeTarget "viewAndModifierUITests" */;
			buildPhases = (
				1EE00F4C2839A8EC0029F8A8 /* Sources */,
				1EE00F4D2839A8EC0029F8A8 /* Frameworks */,
				1EE00F4E2839A8EC0029F8A8 /* Resources */,
			);
			buildRules = (
			);
			dependencies = (
				1EE00F522839A8EC0029F8A8 /* PBXTargetDependency */,
			);
			name = viewAndModifierUITests;
			productName = viewAndModifierUITests;
			productReference = 1EE00F502839A8EC0029F8A8 /* viewAndModifierUITests.xctest */;
			productType = "com.apple.product-type.bundle.ui-testing";
		};
/* End PBXNativeTarget section */

/* Begin PBXProject section */
		1EE00F2E2839A8D30029F8A8 /* Project object */ = {
			isa = PBXProject;
			attributes = {
				BuildIndependentTargetsInParallel = 1;
				LastSwiftUpdateCheck = 1330;
				LastUpgradeCheck = 1330;
				TargetAttributes = {
					1EE00F352839A8D30029F8A8 = {
						CreatedOnToolsVersion = 13.3.1;
					};
					1EE00F452839A8EC0029F8A8 = {
						CreatedOnToolsVersion = 13.3.1;
						TestTargetID = 1EE00F352839A8D30029F8A8;
					};
					1EE00F4F2839A8EC0029F8A8 = {
						CreatedOnToolsVersion = 13.3.1;
						TestTargetID = 1EE00F352839A8D30029F8A8;
					};
				};
			};
			buildConfigurationList = 1EE00F312839A8D30029F8A8 /* Build configuration list for PBXProject "viewAndModifier" */;
			compatibilityVersion = "Xcode 13.0";
			developmentRegion = en;
			hasScannedForEncodings = 0;
			knownRegions = (
				en,
				Base,
			);
			mainGroup = 1EE00F2D2839A8D30029F8A8;
			productRefGroup = 1EE00F372839A8D30029F8A8 /* Products */;
			projectDirPath = "";
			projectRoot = "";
			targets = (
				1EE00F352839A8D30029F8A8 /* viewAndModifier */,
				1EE00F452839A8EC0029F8A8 /* viewAndModifierTests */,
				1EE00F4F2839A8EC0029F8A8 /* viewAndModifierUITests */,
			);
		};
/* End PBXProject section */

/* Begin PBXResourcesBuildPhase section */
		1EE00F342839A8D30029F8A8 /* Resources */ = {
			isa = PBXResourcesBuildPhase;
			buildActionMask = 2147483647;
			files = (
				1EE00F412839A8EC0029F8A8 /* Preview Assets.xcassets in Resources */,
				1EE00F3E2839A8EB0029F8A8 /* Assets.xcassets in Resources */,
			);
			runOnlyForDeploymentPostprocessing = 0;
		};
		1EE00F442839A8EC0029F8A8 /* Resources */ = {
			isa = PBXResourcesBuildPhase;
			buildActionMask = 2147483647;
			files = (
			);
			runOnlyForDeploymentPostprocessing = 0;
		};
		1EE00F4E2839A8EC0029F8A8 /* Resources */ = {
			isa = PBXResourcesBuildPhase;
			buildActionMask = 2147483647;
			files = (
			);
			runOnlyForDeploymentPostprocessing = 0;
		};
/* End PBXResourcesBuildPhase section */

/* Begin PBXSourcesBuildPhase section */
		1EE00F322839A8D30029F8A8 /* Sources */ = {
			isa = PBXSourcesBuildPhase;
			buildActionMask = 2147483647;
			files = (
				1EE00F3C2839A8D30029F8A8 /* ContentView.swift in Sources */,
				1EE00F3A2839A8D30029F8A8 /* viewAndModifierApp.swift in Sources */,
			);
			runOnlyForDeploymentPostprocessing = 0;
		};
		1EE00F422839A8EC0029F8A8 /* Sources */ = {
			isa = PBXSourcesBuildPhase;
			buildActionMask = 2147483647;
			files = (
				1EE00F4B2839A8EC0029F8A8 /* viewAndModifierTests.swift in Sources */,
			);
			runOnlyForDeploymentPostprocessing = 0;
		};
		1EE00F4C2839A8EC0029F8A8 /* Sources */ = {
			isa = PBXSourcesBuildPhase;
			buildActionMask = 2147483647;
			files = (
				1EE00F572839A8EC0029F8A8 /* viewAndModifierUITestsLaunchTests.swift in Sources */,
				1EE00F552839A8EC0029F8A8 /* viewAndModifierUITests.swift in Sources */,
			);
			runOnlyForDeploymentPostprocessing = 0;
		};
/* End PBXSourcesBuildPhase section */

/* Begin PBXTargetDependency section */
		1EE00F482839A8EC0029F8A8 /* PBXTargetDependency */ = {
			isa = PBXTargetDependency;
			target = 1EE00F352839A8D30029F8A8 /* viewAndModifier */;
			targetProxy = 1EE00F472839A8EC0029F8A8 /* PBXContainerItemProxy */;
		};
		1EE00F522839A8EC0029F8A8 /* PBXTargetDependency */ = {
			isa = PBXTargetDependency;
			target = 1EE00F352839A8D30029F8A8 /* viewAndModifier */;
			targetProxy = 1EE00F512839A8EC0029F8A8 /* PBXContainerItemProxy */;
		};
/* End PBXTargetDependency section */

/* Begin XCBuildConfiguration section */
		1EE00F582839A8EC0029F8A8 /* Debug */ = {
			isa = XCBuildConfiguration;
			buildSettings = {
				ALWAYS_SEARCH_USER_PATHS = NO;
				CLANG_ANALYZER_NONNULL = YES;
				CLANG_ANALYZER_NUMBER_OBJECT_CONVERSION = YES_AGGRESSIVE;
				CLANG_CXX_LANGUAGE_STANDARD = "gnu++17";
				CLANG_ENABLE_MODULES = YES;
				CLANG_ENABLE_OBJC_ARC = YES;
				CLANG_ENABLE_OBJC_WEAK = YES;
				CLANG_WARN_BLOCK_CAPTURE_AUTORELEASING = YES;
				CLANG_WARN_BOOL_CONVERSION = YES;
				CLANG_WARN_COMMA = YES;
				CLANG_WARN_CONSTANT_CONVERSION = YES;
				CLANG_WARN_DEPRECATED_OBJC_IMPLEMENTATIONS = YES;
				CLANG_WARN_DIRECT_OBJC_ISA_USAGE = YES_ERROR;
				CLANG_WARN_DOCUMENTATION_COMMENTS = YES;
				CLANG_WARN_EMPTY_BODY = YES;
				CLANG_WARN_ENUM_CONVERSION = YES;
				CLANG_WARN_INFINITE_RECURSION = YES;
				CLANG_WARN_INT_CONVERSION = YES;
				CLANG_WARN_NON_LITERAL_NULL_CONVERSION = YES;
				CLANG_WARN_OBJC_IMPLICIT_RETAIN_SELF = YES;
				CLANG_WARN_OBJC_LITERAL_CONVERSION = YES;
				CLANG_WARN_OBJC_ROOT_CLASS = YES_ERROR;
				CLANG_WARN_QUOTED_INCLUDE_IN_FRAMEWORK_HEADER = YES;
				CLANG_WARN_RANGE_LOOP_ANALYSIS = YES;
				CLANG_WARN_STRICT_PROTOTYPES = YES;
				CLANG_WARN_SUSPICIOUS_MOVE = YES;
				CLANG_WARN_UNGUARDED_AVAILABILITY = YES_AGGRESSIVE;
				CLANG_WARN_UNREACHABLE_CODE = YES;
				CLANG_WARN__DUPLICATE_METHOD_MATCH = YES;
				COPY_PHASE_STRIP = NO;
				DEBUG_INFORMATION_FORMAT = dwarf;
				ENABLE_STRICT_OBJC_MSGSEND = YES;
				ENABLE_TESTABILITY = YES;
				GCC_C_LANGUAGE_STANDARD = gnu11;
				GCC_DYNAMIC_NO_PIC = NO;
				GCC_NO_COMMON_BLOCKS = YES;
				GCC_OPTIMIZATION_LEVEL = 0;
				GCC_PREPROCESSOR_DEFINITIONS = (
					"DEBUG=1",
					"$(inherited)",
				);
				GCC_WARN_64_TO_32_BIT_CONVERSION = YES;
				GCC_WARN_ABOUT_RETURN_TYPE = YES_ERROR;
				GCC_WARN_UNDECLARED_SELECTOR = YES;
				GCC_WARN_UNINITIALIZED_AUTOS = YES_AGGRESSIVE;
				GCC_WARN_UNUSED_FUNCTION = YES;
				GCC_WARN_UNUSED_VARIABLE = YES;
				IPHONEOS_DEPLOYMENT_TARGET = 15.4;
				MTL_ENABLE_DEBUG_INFO = INCLUDE_SOURCE;
				MTL_FAST_MATH = YES;
				ONLY_ACTIVE_ARCH = YES;
				SDKROOT = iphoneos;
				SWIFT_ACTIVE_COMPILATION_CONDITIONS = DEBUG;
				SWIFT_OPTIMIZATION_LEVEL = "-Onone";
			};
			name = Debug;
		};
		1EE00F592839A8EC0029F8A8 /* Release */ = {
			isa = XCBuildConfiguration;
			buildSettings = {
				ALWAYS_SEARCH_USER_PATHS = NO;
				CLANG_ANALYZER_NONNULL = YES;
				CLANG_ANALYZER_NUMBER_OBJECT_CONVERSION = YES_AGGRESSIVE;
				CLANG_CXX_LANGUAGE_STANDARD = "gnu++17";
				CLANG_ENABLE_MODULES = YES;
				CLANG_ENABLE_OBJC_ARC = YES;
				CLANG_ENABLE_OBJC_WEAK = YES;
				CLANG_WARN_BLOCK_CAPTURE_AUTORELEASING = YES;
				CLANG_WARN_BOOL_CONVERSION = YES;
				CLANG_WARN_COMMA = YES;
				CLANG_WARN_CONSTANT_CONVERSION = YES;
				CLANG_WARN_DEPRECATED_OBJC_IMPLEMENTATIONS = YES;
				CLANG_WARN_DIRECT_OBJC_ISA_USAGE = YES_ERROR;
				CLANG_WARN_DOCUMENTATION_COMMENTS = YES;
				CLANG_WARN_EMPTY_BODY = YES;
				CLANG_WARN_ENUM_CONVERSION = YES;
				CLANG_WARN_INFINITE_RECURSION = YES;
				CLANG_WARN_INT_CONVERSION = YES;
				CLANG_WARN_NON_LITERAL_NULL_CONVERSION = YES;
				CLANG_WARN_OBJC_IMPLICIT_RETAIN_SELF = YES;
				CLANG_WARN_OBJC_LITERAL_CONVERSION = YES;
				CLANG_WARN_OBJC_ROOT_CLASS = YES_ERROR;
				CLANG_WARN_QUOTED_INCLUDE_IN_FRAMEWORK_HEADER = YES;
				CLANG_WARN_RANGE_LOOP_ANALYSIS = YES;
				CLANG_WARN_STRICT_PROTOTYPES = YES;
				CLANG_WARN_SUSPICIOUS_MOVE = YES;
				CLANG_WARN_UNGUARDED_AVAILABILITY = YES_AGGRESSIVE;
				CLANG_WARN_UNREACHABLE_CODE = YES;
				CLANG_WARN__DUPLICATE_METHOD_MATCH = YES;
				COPY_PHASE_STRIP = NO;
				DEBUG_INFORMATION_FORMAT = "dwarf-with-dsym";
				ENABLE_NS_ASSERTIONS = NO;
				ENABLE_STRICT_OBJC_MSGSEND = YES;
				GCC_C_LANGUAGE_STANDARD = gnu11;
				GCC_NO_COMMON_BLOCKS = YES;
				GCC_WARN_64_TO_32_BIT_CONVERSION = YES;
				GCC_WARN_ABOUT_RETURN_TYPE = YES_ERROR;
				GCC_WARN_UNDECLARED_SELECTOR = YES;
				GCC_WARN_UNINITIALIZED_AUTOS = YES_AGGRESSIVE;
				GCC_WARN_UNUSED_FUNCTION = YES;
				GCC_WARN_UNUSED_VARIABLE = YES;
				IPHONEOS_DEPLOYMENT_TARGET = 15.4;
				MTL_ENABLE_DEBUG_INFO = NO;
				MTL_FAST_MATH = YES;
				SDKROOT = iphoneos;
				SWIFT_COMPILATION_MODE = wholemodule;
				SWIFT_OPTIMIZATION_LEVEL = "-O";
				VALIDATE_PRODUCT = YES;
			};
			name = Release;
		};
		1EE00F5B2839A8EC0029F8A8 /* Debug */ = {
			isa = XCBuildConfiguration;
			buildSettings = {
				ASSETCATALOG_COMPILER_APPICON_NAME = AppIcon;
				ASSETCATALOG_COMPILER_GLOBAL_ACCENT_COLOR_NAME = AccentColor;
				CODE_SIGN_STYLE = Automatic;
				CURRENT_PROJECT_VERSION = 1;
				DEVELOPMENT_ASSET_PATHS = "\"viewAndModifier/Preview Content\"";
				ENABLE_PREVIEWS = YES;
				GENERATE_INFOPLIST_FILE = YES;
				INFOPLIST_KEY_UIApplicationSceneManifest_Generation = YES;
				INFOPLIST_KEY_UIApplicationSupportsIndirectInputEvents = YES;
				INFOPLIST_KEY_UILaunchScreen_Generation = YES;
				INFOPLIST_KEY_UISupportedInterfaceOrientations_iPad = "UIInterfaceOrientationPortrait UIInterfaceOrientationPortraitUpsideDown UIInterfaceOrientationLandscapeLeft UIInterfaceOrientationLandscapeRight";
				INFOPLIST_KEY_UISupportedInterfaceOrientations_iPhone = "UIInterfaceOrientationPortrait UIInterfaceOrientationLandscapeLeft UIInterfaceOrientationLandscapeRight";
				LD_RUNPATH_SEARCH_PATHS = (
					"$(inherited)",
					"@executable_path/Frameworks",
				);
				MARKETING_VERSION = 1.0;
				PRODUCT_BUNDLE_IDENTIFIER = lymos.viewAndModifier;
				PRODUCT_NAME = "$(TARGET_NAME)";
				SWIFT_EMIT_LOC_STRINGS = YES;
				SWIFT_VERSION = 5.0;
				TARGETED_DEVICE_FAMILY = "1,2";
			};
			name = Debug;
		};
		1EE00F5C2839A8EC0029F8A8 /* Release */ = {
			isa = XCBuildConfiguration;
			buildSettings = {
				ASSETCATALOG_COMPILER_APPICON_NAME = AppIcon;
				ASSETCATALOG_COMPILER_GLOBAL_ACCENT_COLOR_NAME = AccentColor;
				CODE_SIGN_STYLE = Automatic;
				CURRENT_PROJECT_VERSION = 1;
				DEVELOPMENT_ASSET_PATHS = "\"viewAndModifier/Preview Content\"";
				ENABLE_PREVIEWS = YES;
				GENERATE_INFOPLIST_FILE = YES;
				INFOPLIST_KEY_UIApplicationSceneManifest_Generation = YES;
				INFOPLIST_KEY_UIApplicationSupportsIndirectInputEvents = YES;
				INFOPLIST_KEY_UILaunchScreen_Generation = YES;
				INFOPLIST_KEY_UISupportedInterfaceOrientations_iPad = "UIInterfaceOrientationPortrait UIInterfaceOrientationPortraitUpsideDown UIInterfaceOrientationLandscapeLeft UIInterfaceOrientationLandscapeRight";
				INFOPLIST_KEY_UISupportedInterfaceOrientations_iPhone = "UIInterfaceOrientationPortrait UIInterfaceOrientationLandscapeLeft UIInterfaceOrientationLandscapeRight";
				LD_RUNPATH_SEARCH_PATHS = (
					"$(inherited)",
					"@executable_path/Frameworks",
				);
				MARKETING_VERSION = 1.0;
				PRODUCT_BUNDLE_IDENTIFIER = lymos.viewAndModifier;
				PRODUCT_NAME = "$(TARGET_NAME)";
				SWIFT_EMIT_LOC_STRINGS = YES;
				SWIFT_VERSION = 5.0;
				TARGETED_DEVICE_FAMILY = "1,2";
			};
			name = Release;
		};
		1EE00F5E2839A8EC0029F8A8 /* Debug */ = {
			isa = XCBuildConfiguration;
			buildSettings = {
				ALWAYS_EMBED_SWIFT_STANDARD_LIBRARIES = YES;
				BUNDLE_LOADER = "$(TEST_HOST)";
				CODE_SIGN_STYLE = Automatic;
				CURRENT_PROJECT_VERSION = 1;
				GENERATE_INFOPLIST_FILE = YES;
				IPHONEOS_DEPLOYMENT_TARGET = 15.4;
				MARKETING_VERSION = 1.0;
				PRODUCT_BUNDLE_IDENTIFIER = lymos.viewAndModifierTests;
				PRODUCT_NAME = "$(TARGET_NAME)";
				SWIFT_EMIT_LOC_STRINGS = NO;
				SWIFT_VERSION = 5.0;
				TARGETED_DEVICE_FAMILY = "1,2";
				TEST_HOST = "$(BUILT_PRODUCTS_DIR)/viewAndModifier.app/viewAndModifier";
			};
			name = Debug;
		};
		1EE00F5F2839A8EC0029F8A8 /* Release */ = {
			isa = XCBuildConfiguration;
			buildSettings = {
				ALWAYS_EMBED_SWIFT_STANDARD_LIBRARIES = YES;
				BUNDLE_LOADER = "$(TEST_HOST)";
				CODE_SIGN_STYLE = Automatic;
				CURRENT_PROJECT_VERSION = 1;
				GENERATE_INFOPLIST_FILE = YES;
				IPHONEOS_DEPLOYMENT_TARGET = 15.4;
				MARKETING_VERSION = 1.0;
				PRODUCT_BUNDLE_IDENTIFIER = lymos.viewAndModifierTests;
				PRODUCT_NAME = "$(TARGET_NAME)";
				SWIFT_EMIT_LOC_STRINGS = NO;
				SWIFT_VERSION = 5.0;
				TARGETED_DEVICE_FAMILY = "1,2";
				TEST_HOST = "$(BUILT_PRODUCTS_DIR)/viewAndModifier.app/viewAndModifier";
			};
			name = Release;
		};
		1EE00F612839A8EC0029F8A8 /* Debug */ = {
			isa = XCBuildConfiguration;
			buildSettings = {
				ALWAYS_EMBED_SWIFT_STANDARD_LIBRARIES = YES;
				CODE_SIGN_STYLE = Automatic;
				CURRENT_PROJECT_VERSION = 1;
				GENERATE_INFOPLIST_FILE = YES;
				MARKETING_VERSION = 1.0;
				PRODUCT_BUNDLE_IDENTIFIER = lymos.viewAndModifierUITests;
				PRODUCT_NAME = "$(TARGET_NAME)";
				SWIFT_EMIT_LOC_STRINGS = NO;
				SWIFT_VERSION = 5.0;
				TARGETED_DEVICE_FAMILY = "1,2";
				TEST_TARGET_NAME = viewAndModifier;
			};
			name = Debug;
		};
		1EE00F622839A8EC0029F8A8 /* Release */ = {
			isa = XCBuildConfiguration;
			buildSettings = {
				ALWAYS_EMBED_SWIFT_STANDARD_LIBRARIES = YES;
				CODE_SIGN_STYLE = Automatic;
				CURRENT_PROJECT_VERSION = 1;
				GENERATE_INFOPLIST_FILE = YES;
				MARKETING_VERSION = 1.0;
				PRODUCT_BUNDLE_IDENTIFIER = lymos.viewAndModifierUITests;
				PRODUCT_NAME = "$(TARGET_NAME)";
				SWIFT_EMIT_LOC_STRINGS = NO;
				SWIFT_VERSION = 5.0;
				TARGETED_DEVICE_FAMILY = "1,2";
				TEST_TARGET_NAME = viewAndModifier;
			};
			name = Release;
		};
/* End XCBuildConfiguration section */

/* Begin XCConfigurationList section */
		1EE00F312839A8D30029F8A8 /* Build configuration list for PBXProject "viewAndModifier" */ = {
			isa = XCConfigurationList;
			buildConfigurations = (
				1EE00F582839A8EC0029F8A8 /* Debug */,
				1EE00F592839A8EC0029F8A8 /* Release */,
			);
			defaultConfigurationIsVisible = 0;
			defaultConfigurationName = Release;
		};
		1EE00F5A2839A8EC0029F8A8 /* Build configuration list for PBXNativeTarget "viewAndModifier" */ = {
			isa = XCConfigurationList;
			buildConfigurations = (
				1EE00F5B2839A8EC0029F8A8 /* Debug */,
				1EE00F5C2839A8EC0029F8A8 /* Release */,
			);
			defaultConfigurationIsVisible = 0;
			defaultConfigurationName = Release;
		};
		1EE00F5D2839A8EC0029F8A8 /* Build configuration list for PBXNativeTarget "viewAndModifierTests" */ = {
			isa = XCConfigurationList;
			buildConfigurations = (
				1EE00F5E2839A8EC0029F8A8 /* Debug */,
				1EE00F5F2839A8EC0029F8A8 /* Release */,
			);
			defaultConfigurationIsVisible = 0;
			defaultConfigurationName = Release;
		};
		1EE00F602839A8EC0029F8A8 /* Build configuration list for PBXNativeTarget "viewAndModifierUITests" */ = {
			isa = XCConfigurationList;
			buildConfigurations = (
				1EE00F612839A8EC0029F8A8 /* Debug */,
				1EE00F622839A8EC0029F8A8 /* Release */,
			);
			defaultConfigurationIsVisible = 0;
			defaultConfigurationName = Release;
		};
/* End XCConfigurationList section */
	};
	rootObject = 1EE00F2E2839A8D30029F8A8 /* Project object */;
}
