// !$*UTF8*$!
{
	archiveVersion = 1;
	classes = {
	};
	objectVersion = 55;
	objects = {

/* Begin PBXBuildFile section */
		1E2EB8AC28839E2A0084CAD9 /* MissionView.swift in Sources */ = {isa = PBXBuildFile; fileRef = 1E2EB8AB28839E2A0084CAD9 /* MissionView.swift */; };
		1E3E9D42287AEE8100DF60AA /* moonshotApp.swift in Sources */ = {isa = PBXBuildFile; fileRef = 1E3E9D41287AEE8100DF60AA /* moonshotApp.swift */; };
		1E3E9D44287AEE8100DF60AA /* ContentView.swift in Sources */ = {isa = PBXBuildFile; fileRef = 1E3E9D43287AEE8100DF60AA /* ContentView.swift */; };
		1E3E9D46287AEE8C00DF60AA /* Assets.xcassets in Resources */ = {isa = PBXBuildFile; fileRef = 1E3E9D45287AEE8C00DF60AA /* Assets.xcassets */; };
		1E3E9D49287AEE8C00DF60AA /* Preview Assets.xcassets in Resources */ = {isa = PBXBuildFile; fileRef = 1E3E9D48287AEE8C00DF60AA /* Preview Assets.xcassets */; };
		1E3E9D53287AEE8C00DF60AA /* moonshotTests.swift in Sources */ = {isa = PBXBuildFile; fileRef = 1E3E9D52287AEE8C00DF60AA /* moonshotTests.swift */; };
		1E3E9D5D287AEE8C00DF60AA /* moonshotUITests.swift in Sources */ = {isa = PBXBuildFile; fileRef = 1E3E9D5C287AEE8C00DF60AA /* moonshotUITests.swift */; };
		1E3E9D5F287AEE8C00DF60AA /* moonshotUITestsLaunchTests.swift in Sources */ = {isa = PBXBuildFile; fileRef = 1E3E9D5E287AEE8C00DF60AA /* moonshotUITestsLaunchTests.swift */; };
		1E3E9D6C287AEEFD00DF60AA /* Astronaut.swift in Sources */ = {isa = PBXBuildFile; fileRef = 1E3E9D6B287AEEFD00DF60AA /* Astronaut.swift */; };
		1E3E9D6E287AF65B00DF60AA /* Bundel-Decodable.swift in Sources */ = {isa = PBXBuildFile; fileRef = 1E3E9D6D287AF65B00DF60AA /* Bundel-Decodable.swift */; };
		1E3E9D70287AFC8400DF60AA /* astronauts.json in Resources */ = {isa = PBXBuildFile; fileRef = 1E3E9D6F287AFC8400DF60AA /* astronauts.json */; };
		1E3E9D72287AFED300DF60AA /* Mission.swift in Sources */ = {isa = PBXBuildFile; fileRef = 1E3E9D71287AFED300DF60AA /* Mission.swift */; };
		1E3E9D74287B0D2100DF60AA /* missions.json in Resources */ = {isa = PBXBuildFile; fileRef = 1E3E9D73287B0D2100DF60AA /* missions.json */; };
		1ED4CEB728841992002B5B1A /* astronautView.swift in Sources */ = {isa = PBXBuildFile; fileRef = 1ED4CEB628841992002B5B1A /* astronautView.swift */; };
/* End PBXBuildFile section */

/* Begin PBXContainerItemProxy section */
		1E3E9D4F287AEE8C00DF60AA /* PBXContainerItemProxy */ = {
			isa = PBXContainerItemProxy;
			containerPortal = 1E3E9D36287AEE8000DF60AA /* Project object */;
			proxyType = 1;
			remoteGlobalIDString = 1E3E9D3D287AEE8100DF60AA;
			remoteInfo = moonshot;
		};
		1E3E9D59287AEE8C00DF60AA /* PBXContainerItemProxy */ = {
			isa = PBXContainerItemProxy;
			containerPortal = 1E3E9D36287AEE8000DF60AA /* Project object */;
			proxyType = 1;
			remoteGlobalIDString = 1E3E9D3D287AEE8100DF60AA;
			remoteInfo = moonshot;
		};
/* End PBXContainerItemProxy section */

/* Begin PBXFileReference section */
		1E2EB8AB28839E2A0084CAD9 /* MissionView.swift */ = {isa = PBXFileReference; lastKnownFileType = sourcecode.swift; path = MissionView.swift; sourceTree = "<group>"; };
		1E3E9D3E287AEE8100DF60AA /* moonshot.app */ = {isa = PBXFileReference; explicitFileType = wrapper.application; includeInIndex = 0; path = moonshot.app; sourceTree = BUILT_PRODUCTS_DIR; };
		1E3E9D41287AEE8100DF60AA /* moonshotApp.swift */ = {isa = PBXFileReference; lastKnownFileType = sourcecode.swift; path = moonshotApp.swift; sourceTree = "<group>"; };
		1E3E9D43287AEE8100DF60AA /* ContentView.swift */ = {isa = PBXFileReference; lastKnownFileType = sourcecode.swift; path = ContentView.swift; sourceTree = "<group>"; };
		1E3E9D45287AEE8C00DF60AA /* Assets.xcassets */ = {isa = PBXFileReference; lastKnownFileType = folder.assetcatalog; path = Assets.xcassets; sourceTree = "<group>"; };
		1E3E9D48287AEE8C00DF60AA /* Preview Assets.xcassets */ = {isa = PBXFileReference; lastKnownFileType = folder.assetcatalog; path = "Preview Assets.xcassets"; sourceTree = "<group>"; };
		1E3E9D4E287AEE8C00DF60AA /* moonshotTests.xctest */ = {isa = PBXFileReference; explicitFileType = wrapper.cfbundle; includeInIndex = 0; path = moonshotTests.xctest; sourceTree = BUILT_PRODUCTS_DIR; };
		1E3E9D52287AEE8C00DF60AA /* moonshotTests.swift */ = {isa = PBXFileReference; lastKnownFileType = sourcecode.swift; path = moonshotTests.swift; sourceTree = "<group>"; };
		1E3E9D58287AEE8C00DF60AA /* moonshotUITests.xctest */ = {isa = PBXFileReference; explicitFileType = wrapper.cfbundle; includeInIndex = 0; path = moonshotUITests.xctest; sourceTree = BUILT_PRODUCTS_DIR; };
		1E3E9D5C287AEE8C00DF60AA /* moonshotUITests.swift */ = {isa = PBXFileReference; lastKnownFileType = sourcecode.swift; path = moonshotUITests.swift; sourceTree = "<group>"; };
		1E3E9D5E287AEE8C00DF60AA /* moonshotUITestsLaunchTests.swift */ = {isa = PBXFileReference; lastKnownFileType = sourcecode.swift; path = moonshotUITestsLaunchTests.swift; sourceTree = "<group>"; };
		1E3E9D6B287AEEFD00DF60AA /* Astronaut.swift */ = {isa = PBXFileReference; lastKnownFileType = sourcecode.swift; path = Astronaut.swift; sourceTree = "<group>"; };
		1E3E9D6D287AF65B00DF60AA /* Bundel-Decodable.swift */ = {isa = PBXFileReference; lastKnownFileType = sourcecode.swift; path = "Bundel-Decodable.swift"; sourceTree = "<group>"; };
		1E3E9D6F287AFC8400DF60AA /* astronauts.json */ = {isa = PBXFileReference; lastKnownFileType = text.json; path = astronauts.json; sourceTree = "<group>"; };
		1E3E9D71287AFED300DF60AA /* Mission.swift */ = {isa = PBXFileReference; lastKnownFileType = sourcecode.swift; path = Mission.swift; sourceTree = "<group>"; };
		1E3E9D73287B0D2100DF60AA /* missions.json */ = {isa = PBXFileReference; lastKnownFileType = text.json; path = missions.json; sourceTree = "<group>"; };
		1ED4CEB628841992002B5B1A /* astronautView.swift */ = {isa = PBXFileReference; lastKnownFileType = sourcecode.swift; path = astronautView.swift; sourceTree = "<group>"; };
/* End PBXFileReference section */

/* Begin PBXFrameworksBuildPhase section */
		1E3E9D3B287AEE8100DF60AA /* Frameworks */ = {
			isa = PBXFrameworksBuildPhase;
			buildActionMask = 2147483647;
			files = (
			);
			runOnlyForDeploymentPostprocessing = 0;
		};
		1E3E9D4B287AEE8C00DF60AA /* Frameworks */ = {
			isa = PBXFrameworksBuildPhase;
			buildActionMask = 2147483647;
			files = (
			);
			runOnlyForDeploymentPostprocessing = 0;
		};
		1E3E9D55287AEE8C00DF60AA /* Frameworks */ = {
			isa = PBXFrameworksBuildPhase;
			buildActionMask = 2147483647;
			files = (
			);
			runOnlyForDeploymentPostprocessing = 0;
		};
/* End PBXFrameworksBuildPhase section */

/* Begin PBXGroup section */
		1E3E9D35287AEE8000DF60AA = {
			isa = PBXGroup;
			children = (
				1E3E9D40287AEE8100DF60AA /* moonshot */,
				1E3E9D51287AEE8C00DF60AA /* moonshotTests */,
				1E3E9D5B287AEE8C00DF60AA /* moonshotUITests */,
				1E3E9D3F287AEE8100DF60AA /* Products */,
			);
			sourceTree = "<group>";
		};
		1E3E9D3F287AEE8100DF60AA /* Products */ = {
			isa = PBXGroup;
			children = (
				1E3E9D3E287AEE8100DF60AA /* moonshot.app */,
				1E3E9D4E287AEE8C00DF60AA /* moonshotTests.xctest */,
				1E3E9D58287AEE8C00DF60AA /* moonshotUITests.xctest */,
			);
			name = Products;
			sourceTree = "<group>";
		};
		1E3E9D40287AEE8100DF60AA /* moonshot */ = {
			isa = PBXGroup;
			children = (
				1E3E9D41287AEE8100DF60AA /* moonshotApp.swift */,
				1E3E9D43287AEE8100DF60AA /* ContentView.swift */,
				1E2EB8AB28839E2A0084CAD9 /* MissionView.swift */,
				1ED4CEB628841992002B5B1A /* astronautView.swift */,
				1E3E9D45287AEE8C00DF60AA /* Assets.xcassets */,
				1E3E9D47287AEE8C00DF60AA /* Preview Content */,
				1E3E9D6B287AEEFD00DF60AA /* Astronaut.swift */,
				1E3E9D6D287AF65B00DF60AA /* Bundel-Decodable.swift */,
				1E3E9D71287AFED300DF60AA /* Mission.swift */,
				1E3E9D6F287AFC8400DF60AA /* astronauts.json */,
				1E3E9D73287B0D2100DF60AA /* missions.json */,
			);
			path = moonshot;
			sourceTree = "<group>";
		};
		1E3E9D47287AEE8C00DF60AA /* Preview Content */ = {
			isa = PBXGroup;
			children = (
				1E3E9D48287AEE8C00DF60AA /* Preview Assets.xcassets */,
			);
			path = "Preview Content";
			sourceTree = "<group>";
		};
		1E3E9D51287AEE8C00DF60AA /* moonshotTests */ = {
			isa = PBXGroup;
			children = (
				1E3E9D52287AEE8C00DF60AA /* moonshotTests.swift */,
			);
			path = moonshotTests;
			sourceTree = "<group>";
		};
		1E3E9D5B287AEE8C00DF60AA /* moonshotUITests */ = {
			isa = PBXGroup;
			children = (
				1E3E9D5C287AEE8C00DF60AA /* moonshotUITests.swift */,
				1E3E9D5E287AEE8C00DF60AA /* moonshotUITestsLaunchTests.swift */,
			);
			path = moonshotUITests;
			sourceTree = "<group>";
		};
/* End PBXGroup section */

/* Begin PBXNativeTarget section */
		1E3E9D3D287AEE8100DF60AA /* moonshot */ = {
			isa = PBXNativeTarget;
			buildConfigurationList = 1E3E9D62287AEE8C00DF60AA /* Build configuration list for PBXNativeTarget "moonshot" */;
			buildPhases = (
				1E3E9D3A287AEE8100DF60AA /* Sources */,
				1E3E9D3B287AEE8100DF60AA /* Frameworks */,
				1E3E9D3C287AEE8100DF60AA /* Resources */,
			);
			buildRules = (
			);
			dependencies = (
			);
			name = moonshot;
			productName = moonshot;
			productReference = 1E3E9D3E287AEE8100DF60AA /* moonshot.app */;
			productType = "com.apple.product-type.application";
		};
		1E3E9D4D287AEE8C00DF60AA /* moonshotTests */ = {
			isa = PBXNativeTarget;
			buildConfigurationList = 1E3E9D65287AEE8C00DF60AA /* Build configuration list for PBXNativeTarget "moonshotTests" */;
			buildPhases = (
				1E3E9D4A287AEE8C00DF60AA /* Sources */,
				1E3E9D4B287AEE8C00DF60AA /* Frameworks */,
				1E3E9D4C287AEE8C00DF60AA /* Resources */,
			);
			buildRules = (
			);
			dependencies = (
				1E3E9D50287AEE8C00DF60AA /* PBXTargetDependency */,
			);
			name = moonshotTests;
			productName = moonshotTests;
			productReference = 1E3E9D4E287AEE8C00DF60AA /* moonshotTests.xctest */;
			productType = "com.apple.product-type.bundle.unit-test";
		};
		1E3E9D57287AEE8C00DF60AA /* moonshotUITests */ = {
			isa = PBXNativeTarget;
			buildConfigurationList = 1E3E9D68287AEE8C00DF60AA /* Build configuration list for PBXNativeTarget "moonshotUITests" */;
			buildPhases = (
				1E3E9D54287AEE8C00DF60AA /* Sources */,
				1E3E9D55287AEE8C00DF60AA /* Frameworks */,
				1E3E9D56287AEE8C00DF60AA /* Resources */,
			);
			buildRules = (
			);
			dependencies = (
				1E3E9D5A287AEE8C00DF60AA /* PBXTargetDependency */,
			);
			name = moonshotUITests;
			productName = moonshotUITests;
			productReference = 1E3E9D58287AEE8C00DF60AA /* moonshotUITests.xctest */;
			productType = "com.apple.product-type.bundle.ui-testing";
		};
/* End PBXNativeTarget section */

/* Begin PBXProject section */
		1E3E9D36287AEE8000DF60AA /* Project object */ = {
			isa = PBXProject;
			attributes = {
				BuildIndependentTargetsInParallel = 1;
				LastSwiftUpdateCheck = 1330;
				LastUpgradeCheck = 1330;
				TargetAttributes = {
					1E3E9D3D287AEE8100DF60AA = {
						CreatedOnToolsVersion = 13.3.1;
					};
					1E3E9D4D287AEE8C00DF60AA = {
						CreatedOnToolsVersion = 13.3.1;
						TestTargetID = 1E3E9D3D287AEE8100DF60AA;
					};
					1E3E9D57287AEE8C00DF60AA = {
						CreatedOnToolsVersion = 13.3.1;
						TestTargetID = 1E3E9D3D287AEE8100DF60AA;
					};
				};
			};
			buildConfigurationList = 1E3E9D39287AEE8000DF60AA /* Build configuration list for PBXProject "moonshot" */;
			compatibilityVersion = "Xcode 13.0";
			developmentRegion = en;
			hasScannedForEncodings = 0;
			knownRegions = (
				en,
				Base,
			);
			mainGroup = 1E3E9D35287AEE8000DF60AA;
			productRefGroup = 1E3E9D3F287AEE8100DF60AA /* Products */;
			projectDirPath = "";
			projectRoot = "";
			targets = (
				1E3E9D3D287AEE8100DF60AA /* moonshot */,
				1E3E9D4D287AEE8C00DF60AA /* moonshotTests */,
				1E3E9D57287AEE8C00DF60AA /* moonshotUITests */,
			);
		};
/* End PBXProject section */

/* Begin PBXResourcesBuildPhase section */
		1E3E9D3C287AEE8100DF60AA /* Resources */ = {
			isa = PBXResourcesBuildPhase;
			buildActionMask = 2147483647;
			files = (
				1E3E9D70287AFC8400DF60AA /* astronauts.json in Resources */,
				1E3E9D49287AEE8C00DF60AA /* Preview Assets.xcassets in Resources */,
				1E3E9D74287B0D2100DF60AA /* missions.json in Resources */,
				1E3E9D46287AEE8C00DF60AA /* Assets.xcassets in Resources */,
			);
			runOnlyForDeploymentPostprocessing = 0;
		};
		1E3E9D4C287AEE8C00DF60AA /* Resources */ = {
			isa = PBXResourcesBuildPhase;
			buildActionMask = 2147483647;
			files = (
			);
			runOnlyForDeploymentPostprocessing = 0;
		};
		1E3E9D56287AEE8C00DF60AA /* Resources */ = {
			isa = PBXResourcesBuildPhase;
			buildActionMask = 2147483647;
			files = (
			);
			runOnlyForDeploymentPostprocessing = 0;
		};
/* End PBXResourcesBuildPhase section */

/* Begin PBXSourcesBuildPhase section */
		1E3E9D3A287AEE8100DF60AA /* Sources */ = {
			isa = PBXSourcesBuildPhase;
			buildActionMask = 2147483647;
			files = (
				1ED4CEB728841992002B5B1A /* astronautView.swift in Sources */,
				1E3E9D6C287AEEFD00DF60AA /* Astronaut.swift in Sources */,
				1E3E9D44287AEE8100DF60AA /* ContentView.swift in Sources */,
				1E3E9D42287AEE8100DF60AA /* moonshotApp.swift in Sources */,
				1E3E9D72287AFED300DF60AA /* Mission.swift in Sources */,
				1E3E9D6E287AF65B00DF60AA /* Bundel-Decodable.swift in Sources */,
				1E2EB8AC28839E2A0084CAD9 /* MissionView.swift in Sources */,
			);
			runOnlyForDeploymentPostprocessing = 0;
		};
		1E3E9D4A287AEE8C00DF60AA /* Sources */ = {
			isa = PBXSourcesBuildPhase;
			buildActionMask = 2147483647;
			files = (
				1E3E9D53287AEE8C00DF60AA /* moonshotTests.swift in Sources */,
			);
			runOnlyForDeploymentPostprocessing = 0;
		};
		1E3E9D54287AEE8C00DF60AA /* Sources */ = {
			isa = PBXSourcesBuildPhase;
			buildActionMask = 2147483647;
			files = (
				1E3E9D5F287AEE8C00DF60AA /* moonshotUITestsLaunchTests.swift in Sources */,
				1E3E9D5D287AEE8C00DF60AA /* moonshotUITests.swift in Sources */,
			);
			runOnlyForDeploymentPostprocessing = 0;
		};
/* End PBXSourcesBuildPhase section */

/* Begin PBXTargetDependency section */
		1E3E9D50287AEE8C00DF60AA /* PBXTargetDependency */ = {
			isa = PBXTargetDependency;
			target = 1E3E9D3D287AEE8100DF60AA /* moonshot */;
			targetProxy = 1E3E9D4F287AEE8C00DF60AA /* PBXContainerItemProxy */;
		};
		1E3E9D5A287AEE8C00DF60AA /* PBXTargetDependency */ = {
			isa = PBXTargetDependency;
			target = 1E3E9D3D287AEE8100DF60AA /* moonshot */;
			targetProxy = 1E3E9D59287AEE8C00DF60AA /* PBXContainerItemProxy */;
		};
/* End PBXTargetDependency section */

/* Begin XCBuildConfiguration section */
		1E3E9D60287AEE8C00DF60AA /* Debug */ = {
			isa = XCBuildConfiguration;
			buildSettings = {
				ALWAYS_SEARCH_USER_PATHS = NO;
				CLANG_ANALYZER_NONNULL = YES;
				CLANG_ANALYZER_NUMBER_OBJECT_CONVERSION = YES_AGGRESSIVE;
				CLANG_CXX_LANGUAGE_STANDARD = "gnu++17";
				CLANG_ENABLE_MODULES = YES;
				CLANG_ENABLE_OBJC_ARC = YES;
				CLANG_ENABLE_OBJC_WEAK = YES;
				CLANG_WARN_BLOCK_CAPTURE_AUTORELEASING = YES;
				CLANG_WARN_BOOL_CONVERSION = YES;
				CLANG_WARN_COMMA = YES;
				CLANG_WARN_CONSTANT_CONVERSION = YES;
				CLANG_WARN_DEPRECATED_OBJC_IMPLEMENTATIONS = YES;
				CLANG_WARN_DIRECT_OBJC_ISA_USAGE = YES_ERROR;
				CLANG_WARN_DOCUMENTATION_COMMENTS = YES;
				CLANG_WARN_EMPTY_BODY = YES;
				CLANG_WARN_ENUM_CONVERSION = YES;
				CLANG_WARN_INFINITE_RECURSION = YES;
				CLANG_WARN_INT_CONVERSION = YES;
				CLANG_WARN_NON_LITERAL_NULL_CONVERSION = YES;
				CLANG_WARN_OBJC_IMPLICIT_RETAIN_SELF = YES;
				CLANG_WARN_OBJC_LITERAL_CONVERSION = YES;
				CLANG_WARN_OBJC_ROOT_CLASS = YES_ERROR;
				CLANG_WARN_QUOTED_INCLUDE_IN_FRAMEWORK_HEADER = YES;
				CLANG_WARN_RANGE_LOOP_ANALYSIS = YES;
				CLANG_WARN_STRICT_PROTOTYPES = YES;
				CLANG_WARN_SUSPICIOUS_MOVE = YES;
				CLANG_WARN_UNGUARDED_AVAILABILITY = YES_AGGRESSIVE;
				CLANG_WARN_UNREACHABLE_CODE = YES;
				CLANG_WARN__DUPLICATE_METHOD_MATCH = YES;
				COPY_PHASE_STRIP = NO;
				DEBUG_INFORMATION_FORMAT = dwarf;
				ENABLE_STRICT_OBJC_MSGSEND = YES;
				ENABLE_TESTABILITY = YES;
				GCC_C_LANGUAGE_STANDARD = gnu11;
				GCC_DYNAMIC_NO_PIC = NO;
				GCC_NO_COMMON_BLOCKS = YES;
				GCC_OPTIMIZATION_LEVEL = 0;
				GCC_PREPROCESSOR_DEFINITIONS = (
					"DEBUG=1",
					"$(inherited)",
				);
				GCC_WARN_64_TO_32_BIT_CONVERSION = YES;
				GCC_WARN_ABOUT_RETURN_TYPE = YES_ERROR;
				GCC_WARN_UNDECLARED_SELECTOR = YES;
				GCC_WARN_UNINITIALIZED_AUTOS = YES_AGGRESSIVE;
				GCC_WARN_UNUSED_FUNCTION = YES;
				GCC_WARN_UNUSED_VARIABLE = YES;
				IPHONEOS_DEPLOYMENT_TARGET = 15.4;
				MTL_ENABLE_DEBUG_INFO = INCLUDE_SOURCE;
				MTL_FAST_MATH = YES;
				ONLY_ACTIVE_ARCH = YES;
				SDKROOT = iphoneos;
				SWIFT_ACTIVE_COMPILATION_CONDITIONS = DEBUG;
				SWIFT_OPTIMIZATION_LEVEL = "-Onone";
			};
			name = Debug;
		};
		1E3E9D61287AEE8C00DF60AA /* Release */ = {
			isa = XCBuildConfiguration;
			buildSettings = {
				ALWAYS_SEARCH_USER_PATHS = NO;
				CLANG_ANALYZER_NONNULL = YES;
				CLANG_ANALYZER_NUMBER_OBJECT_CONVERSION = YES_AGGRESSIVE;
				CLANG_CXX_LANGUAGE_STANDARD = "gnu++17";
				CLANG_ENABLE_MODULES = YES;
				CLANG_ENABLE_OBJC_ARC = YES;
				CLANG_ENABLE_OBJC_WEAK = YES;
				CLANG_WARN_BLOCK_CAPTURE_AUTORELEASING = YES;
				CLANG_WARN_BOOL_CONVERSION = YES;
				CLANG_WARN_COMMA = YES;
				CLANG_WARN_CONSTANT_CONVERSION = YES;
				CLANG_WARN_DEPRECATED_OBJC_IMPLEMENTATIONS = YES;
				CLANG_WARN_DIRECT_OBJC_ISA_USAGE = YES_ERROR;
				CLANG_WARN_DOCUMENTATION_COMMENTS = YES;
				CLANG_WARN_EMPTY_BODY = YES;
				CLANG_WARN_ENUM_CONVERSION = YES;
				CLANG_WARN_INFINITE_RECURSION = YES;
				CLANG_WARN_INT_CONVERSION = YES;
				CLANG_WARN_NON_LITERAL_NULL_CONVERSION = YES;
				CLANG_WARN_OBJC_IMPLICIT_RETAIN_SELF = YES;
				CLANG_WARN_OBJC_LITERAL_CONVERSION = YES;
				CLANG_WARN_OBJC_ROOT_CLASS = YES_ERROR;
				CLANG_WARN_QUOTED_INCLUDE_IN_FRAMEWORK_HEADER = YES;
				CLANG_WARN_RANGE_LOOP_ANALYSIS = YES;
				CLANG_WARN_STRICT_PROTOTYPES = YES;
				CLANG_WARN_SUSPICIOUS_MOVE = YES;
				CLANG_WARN_UNGUARDED_AVAILABILITY = YES_AGGRESSIVE;
				CLANG_WARN_UNREACHABLE_CODE = YES;
				CLANG_WARN__DUPLICATE_METHOD_MATCH = YES;
				COPY_PHASE_STRIP = NO;
				DEBUG_INFORMATION_FORMAT = "dwarf-with-dsym";
				ENABLE_NS_ASSERTIONS = NO;
				ENABLE_STRICT_OBJC_MSGSEND = YES;
				GCC_C_LANGUAGE_STANDARD = gnu11;
				GCC_NO_COMMON_BLOCKS = YES;
				GCC_WARN_64_TO_32_BIT_CONVERSION = YES;
				GCC_WARN_ABOUT_RETURN_TYPE = YES_ERROR;
				GCC_WARN_UNDECLARED_SELECTOR = YES;
				GCC_WARN_UNINITIALIZED_AUTOS = YES_AGGRESSIVE;
				GCC_WARN_UNUSED_FUNCTION = YES;
				GCC_WARN_UNUSED_VARIABLE = YES;
				IPHONEOS_DEPLOYMENT_TARGET = 15.4;
				MTL_ENABLE_DEBUG_INFO = NO;
				MTL_FAST_MATH = YES;
				SDKROOT = iphoneos;
				SWIFT_COMPILATION_MODE = wholemodule;
				SWIFT_OPTIMIZATION_LEVEL = "-O";
				VALIDATE_PRODUCT = YES;
			};
			name = Release;
		};
		1E3E9D63287AEE8C00DF60AA /* Debug */ = {
			isa = XCBuildConfiguration;
			buildSettings = {
				ASSETCATALOG_COMPILER_APPICON_NAME = AppIcon;
				ASSETCATALOG_COMPILER_GLOBAL_ACCENT_COLOR_NAME = AccentColor;
				CODE_SIGN_STYLE = Automatic;
				CURRENT_PROJECT_VERSION = 1;
				DEVELOPMENT_ASSET_PATHS = "\"moonshot/Preview Content\"";
				ENABLE_PREVIEWS = YES;
				GENERATE_INFOPLIST_FILE = YES;
				INFOPLIST_KEY_UIApplicationSceneManifest_Generation = YES;
				INFOPLIST_KEY_UIApplicationSupportsIndirectInputEvents = YES;
				INFOPLIST_KEY_UILaunchScreen_Generation = YES;
				INFOPLIST_KEY_UISupportedInterfaceOrientations_iPad = "UIInterfaceOrientationPortrait UIInterfaceOrientationPortraitUpsideDown UIInterfaceOrientationLandscapeLeft UIInterfaceOrientationLandscapeRight";
				INFOPLIST_KEY_UISupportedInterfaceOrientations_iPhone = "UIInterfaceOrientationPortrait UIInterfaceOrientationLandscapeLeft UIInterfaceOrientationLandscapeRight";
				LD_RUNPATH_SEARCH_PATHS = (
					"$(inherited)",
					"@executable_path/Frameworks",
				);
				MARKETING_VERSION = 1.0;
				PRODUCT_BUNDLE_IDENTIFIER = lymos.moonshot;
				PRODUCT_NAME = "$(TARGET_NAME)";
				SWIFT_EMIT_LOC_STRINGS = YES;
				SWIFT_VERSION = 5.0;
				TARGETED_DEVICE_FAMILY = "1,2";
			};
			name = Debug;
		};
		1E3E9D64287AEE8C00DF60AA /* Release */ = {
			isa = XCBuildConfiguration;
			buildSettings = {
				ASSETCATALOG_COMPILER_APPICON_NAME = AppIcon;
				ASSETCATALOG_COMPILER_GLOBAL_ACCENT_COLOR_NAME = AccentColor;
				CODE_SIGN_STYLE = Automatic;
				CURRENT_PROJECT_VERSION = 1;
				DEVELOPMENT_ASSET_PATHS = "\"moonshot/Preview Content\"";
				ENABLE_PREVIEWS = YES;
				GENERATE_INFOPLIST_FILE = YES;
				INFOPLIST_KEY_UIApplicationSceneManifest_Generation = YES;
				INFOPLIST_KEY_UIApplicationSupportsIndirectInputEvents = YES;
				INFOPLIST_KEY_UILaunchScreen_Generation = YES;
				INFOPLIST_KEY_UISupportedInterfaceOrientations_iPad = "UIInterfaceOrientationPortrait UIInterfaceOrientationPortraitUpsideDown UIInterfaceOrientationLandscapeLeft UIInterfaceOrientationLandscapeRight";
				INFOPLIST_KEY_UISupportedInterfaceOrientations_iPhone = "UIInterfaceOrientationPortrait UIInterfaceOrientationLandscapeLeft UIInterfaceOrientationLandscapeRight";
				LD_RUNPATH_SEARCH_PATHS = (
					"$(inherited)",
					"@executable_path/Frameworks",
				);
				MARKETING_VERSION = 1.0;
				PRODUCT_BUNDLE_IDENTIFIER = lymos.moonshot;
				PRODUCT_NAME = "$(TARGET_NAME)";
				SWIFT_EMIT_LOC_STRINGS = YES;
				SWIFT_VERSION = 5.0;
				TARGETED_DEVICE_FAMILY = "1,2";
			};
			name = Release;
		};
		1E3E9D66287AEE8C00DF60AA /* Debug */ = {
			isa = XCBuildConfiguration;
			buildSettings = {
				ALWAYS_EMBED_SWIFT_STANDARD_LIBRARIES = YES;
				BUNDLE_LOADER = "$(TEST_HOST)";
				CODE_SIGN_STYLE = Automatic;
				CURRENT_PROJECT_VERSION = 1;
				GENERATE_INFOPLIST_FILE = YES;
				IPHONEOS_DEPLOYMENT_TARGET = 15.4;
				MARKETING_VERSION = 1.0;
				PRODUCT_BUNDLE_IDENTIFIER = lymos.moonshotTests;
				PRODUCT_NAME = "$(TARGET_NAME)";
				SWIFT_EMIT_LOC_STRINGS = NO;
				SWIFT_VERSION = 5.0;
				TARGETED_DEVICE_FAMILY = "1,2";
				TEST_HOST = "$(BUILT_PRODUCTS_DIR)/moonshot.app/moonshot";
			};
			name = Debug;
		};
		1E3E9D67287AEE8C00DF60AA /* Release */ = {
			isa = XCBuildConfiguration;
			buildSettings = {
				ALWAYS_EMBED_SWIFT_STANDARD_LIBRARIES = YES;
				BUNDLE_LOADER = "$(TEST_HOST)";
				CODE_SIGN_STYLE = Automatic;
				CURRENT_PROJECT_VERSION = 1;
				GENERATE_INFOPLIST_FILE = YES;
				IPHONEOS_DEPLOYMENT_TARGET = 15.4;
				MARKETING_VERSION = 1.0;
				PRODUCT_BUNDLE_IDENTIFIER = lymos.moonshotTests;
				PRODUCT_NAME = "$(TARGET_NAME)";
				SWIFT_EMIT_LOC_STRINGS = NO;
				SWIFT_VERSION = 5.0;
				TARGETED_DEVICE_FAMILY = "1,2";
				TEST_HOST = "$(BUILT_PRODUCTS_DIR)/moonshot.app/moonshot";
			};
			name = Release;
		};
		1E3E9D69287AEE8C00DF60AA /* Debug */ = {
			isa = XCBuildConfiguration;
			buildSettings = {
				ALWAYS_EMBED_SWIFT_STANDARD_LIBRARIES = YES;
				CODE_SIGN_STYLE = Automatic;
				CURRENT_PROJECT_VERSION = 1;
				GENERATE_INFOPLIST_FILE = YES;
				MARKETING_VERSION = 1.0;
				PRODUCT_BUNDLE_IDENTIFIER = lymos.moonshotUITests;
				PRODUCT_NAME = "$(TARGET_NAME)";
				SWIFT_EMIT_LOC_STRINGS = NO;
				SWIFT_VERSION = 5.0;
				TARGETED_DEVICE_FAMILY = "1,2";
				TEST_TARGET_NAME = moonshot;
			};
			name = Debug;
		};
		1E3E9D6A287AEE8C00DF60AA /* Release */ = {
			isa = XCBuildConfiguration;
			buildSettings = {
				ALWAYS_EMBED_SWIFT_STANDARD_LIBRARIES = YES;
				CODE_SIGN_STYLE = Automatic;
				CURRENT_PROJECT_VERSION = 1;
				GENERATE_INFOPLIST_FILE = YES;
				MARKETING_VERSION = 1.0;
				PRODUCT_BUNDLE_IDENTIFIER = lymos.moonshotUITests;
				PRODUCT_NAME = "$(TARGET_NAME)";
				SWIFT_EMIT_LOC_STRINGS = NO;
				SWIFT_VERSION = 5.0;
				TARGETED_DEVICE_FAMILY = "1,2";
				TEST_TARGET_NAME = moonshot;
			};
			name = Release;
		};
/* End XCBuildConfiguration section */

/* Begin XCConfigurationList section */
		1E3E9D39287AEE8000DF60AA /* Build configuration list for PBXProject "moonshot" */ = {
			isa = XCConfigurationList;
			buildConfigurations = (
				1E3E9D60287AEE8C00DF60AA /* Debug */,
				1E3E9D61287AEE8C00DF60AA /* Release */,
			);
			defaultConfigurationIsVisible = 0;
			defaultConfigurationName = Release;
		};
		1E3E9D62287AEE8C00DF60AA /* Build configuration list for PBXNativeTarget "moonshot" */ = {
			isa = XCConfigurationList;
			buildConfigurations = (
				1E3E9D63287AEE8C00DF60AA /* Debug */,
				1E3E9D64287AEE8C00DF60AA /* Release */,
			);
			defaultConfigurationIsVisible = 0;
			defaultConfigurationName = Release;
		};
		1E3E9D65287AEE8C00DF60AA /* Build configuration list for PBXNativeTarget "moonshotTests" */ = {
			isa = XCConfigurationList;
			buildConfigurations = (
				1E3E9D66287AEE8C00DF60AA /* Debug */,
				1E3E9D67287AEE8C00DF60AA /* Release */,
			);
			defaultConfigurationIsVisible = 0;
			defaultConfigurationName = Release;
		};
		1E3E9D68287AEE8C00DF60AA /* Build configuration list for PBXNativeTarget "moonshotUITests" */ = {
			isa = XCConfigurationList;
			buildConfigurations = (
				1E3E9D69287AEE8C00DF60AA /* Debug */,
				1E3E9D6A287AEE8C00DF60AA /* Release */,
			);
			defaultConfigurationIsVisible = 0;
			defaultConfigurationName = Release;
		};
/* End XCConfigurationList section */
	};
	rootObject = 1E3E9D36287AEE8000DF60AA /* Project object */;
}
