// !$*UTF8*$!
{
	archiveVersion = 1;
	classes = {
	};
	objectVersion = 55;
	objects = {

/* Begin PBXBuildFile section */
		DC4B9CC928324F5F00ACB57E /* guessFlagApp.swift in Sources */ = {isa = PBXBuildFile; fileRef = DC4B9CC828324F5F00ACB57E /* guessFlagApp.swift */; };
		DC4B9CCB28324F5F00ACB57E /* ContentView.swift in Sources */ = {isa = PBXBuildFile; fileRef = DC4B9CCA28324F5F00ACB57E /* ContentView.swift */; };
		DC4B9CCD28324F6400ACB57E /* Assets.xcassets in Resources */ = {isa = PBXBuildFile; fileRef = DC4B9CCC28324F6400ACB57E /* Assets.xcassets */; };
		DC4B9CD028324F6400ACB57E /* Preview Assets.xcassets in Resources */ = {isa = PBXBuildFile; fileRef = DC4B9CCF28324F6400ACB57E /* Preview Assets.xcassets */; };
		DC4B9CDA28324F6400ACB57E /* guessFlagTests.swift in Sources */ = {isa = PBXBuildFile; fileRef = DC4B9CD928324F6400ACB57E /* guessFlagTests.swift */; };
		DC4B9CE428324F6400ACB57E /* guessFlagUITests.swift in Sources */ = {isa = PBXBuildFile; fileRef = DC4B9CE328324F6400ACB57E /* guessFlagUITests.swift */; };
		DC4B9CE628324F6400ACB57E /* guessFlagUITestsLaunchTests.swift in Sources */ = {isa = PBXBuildFile; fileRef = DC4B9CE528324F6400ACB57E /* guessFlagUITestsLaunchTests.swift */; };
/* End PBXBuildFile section */

/* Begin PBXContainerItemProxy section */
		DC4B9CD628324F6400ACB57E /* PBXContainerItemProxy */ = {
			isa = PBXContainerItemProxy;
			containerPortal = DC4B9CBD28324F5F00ACB57E /* Project object */;
			proxyType = 1;
			remoteGlobalIDString = DC4B9CC428324F5F00ACB57E;
			remoteInfo = guessFlag;
		};
		DC4B9CE028324F6400ACB57E /* PBXContainerItemProxy */ = {
			isa = PBXContainerItemProxy;
			containerPortal = DC4B9CBD28324F5F00ACB57E /* Project object */;
			proxyType = 1;
			remoteGlobalIDString = DC4B9CC428324F5F00ACB57E;
			remoteInfo = guessFlag;
		};
/* End PBXContainerItemProxy section */

/* Begin PBXFileReference section */
		DC4B9CC528324F5F00ACB57E /* guessFlag.app */ = {isa = PBXFileReference; explicitFileType = wrapper.application; includeInIndex = 0; path = guessFlag.app; sourceTree = BUILT_PRODUCTS_DIR; };
		DC4B9CC828324F5F00ACB57E /* guessFlagApp.swift */ = {isa = PBXFileReference; lastKnownFileType = sourcecode.swift; path = guessFlagApp.swift; sourceTree = "<group>"; };
		DC4B9CCA28324F5F00ACB57E /* ContentView.swift */ = {isa = PBXFileReference; lastKnownFileType = sourcecode.swift; path = ContentView.swift; sourceTree = "<group>"; };
		DC4B9CCC28324F6400ACB57E /* Assets.xcassets */ = {isa = PBXFileReference; lastKnownFileType = folder.assetcatalog; path = Assets.xcassets; sourceTree = "<group>"; };
		DC4B9CCF28324F6400ACB57E /* Preview Assets.xcassets */ = {isa = PBXFileReference; lastKnownFileType = folder.assetcatalog; path = "Preview Assets.xcassets"; sourceTree = "<group>"; };
		DC4B9CD528324F6400ACB57E /* guessFlagTests.xctest */ = {isa = PBXFileReference; explicitFileType = wrapper.cfbundle; includeInIndex = 0; path = guessFlagTests.xctest; sourceTree = BUILT_PRODUCTS_DIR; };
		DC4B9CD928324F6400ACB57E /* guessFlagTests.swift */ = {isa = PBXFileReference; lastKnownFileType = sourcecode.swift; path = guessFlagTests.swift; sourceTree = "<group>"; };
		DC4B9CDF28324F6400ACB57E /* guessFlagUITests.xctest */ = {isa = PBXFileReference; explicitFileType = wrapper.cfbundle; includeInIndex = 0; path = guessFlagUITests.xctest; sourceTree = BUILT_PRODUCTS_DIR; };
		DC4B9CE328324F6400ACB57E /* guessFlagUITests.swift */ = {isa = PBXFileReference; lastKnownFileType = sourcecode.swift; path = guessFlagUITests.swift; sourceTree = "<group>"; };
		DC4B9CE528324F6400ACB57E /* guessFlagUITestsLaunchTests.swift */ = {isa = PBXFileReference; lastKnownFileType = sourcecode.swift; path = guessFlagUITestsLaunchTests.swift; sourceTree = "<group>"; };
/* End PBXFileReference section */

/* Begin PBXFrameworksBuildPhase section */
		DC4B9CC228324F5F00ACB57E /* Frameworks */ = {
			isa = PBXFrameworksBuildPhase;
			buildActionMask = 2147483647;
			files = (
			);
			runOnlyForDeploymentPostprocessing = 0;
		};
		DC4B9CD228324F6400ACB57E /* Frameworks */ = {
			isa = PBXFrameworksBuildPhase;
			buildActionMask = 2147483647;
			files = (
			);
			runOnlyForDeploymentPostprocessing = 0;
		};
		DC4B9CDC28324F6400ACB57E /* Frameworks */ = {
			isa = PBXFrameworksBuildPhase;
			buildActionMask = 2147483647;
			files = (
			);
			runOnlyForDeploymentPostprocessing = 0;
		};
/* End PBXFrameworksBuildPhase section */

/* Begin PBXGroup section */
		DC4B9CBC28324F5F00ACB57E = {
			isa = PBXGroup;
			children = (
				DC4B9CC728324F5F00ACB57E /* guessFlag */,
				DC4B9CD828324F6400ACB57E /* guessFlagTests */,
				DC4B9CE228324F6400ACB57E /* guessFlagUITests */,
				DC4B9CC628324F5F00ACB57E /* Products */,
			);
			sourceTree = "<group>";
		};
		DC4B9CC628324F5F00ACB57E /* Products */ = {
			isa = PBXGroup;
			children = (
				DC4B9CC528324F5F00ACB57E /* guessFlag.app */,
				DC4B9CD528324F6400ACB57E /* guessFlagTests.xctest */,
				DC4B9CDF28324F6400ACB57E /* guessFlagUITests.xctest */,
			);
			name = Products;
			sourceTree = "<group>";
		};
		DC4B9CC728324F5F00ACB57E /* guessFlag */ = {
			isa = PBXGroup;
			children = (
				DC4B9CC828324F5F00ACB57E /* guessFlagApp.swift */,
				DC4B9CCA28324F5F00ACB57E /* ContentView.swift */,
				DC4B9CCC28324F6400ACB57E /* Assets.xcassets */,
				DC4B9CCE28324F6400ACB57E /* Preview Content */,
			);
			path = guessFlag;
			sourceTree = "<group>";
		};
		DC4B9CCE28324F6400ACB57E /* Preview Content */ = {
			isa = PBXGroup;
			children = (
				DC4B9CCF28324F6400ACB57E /* Preview Assets.xcassets */,
			);
			path = "Preview Content";
			sourceTree = "<group>";
		};
		DC4B9CD828324F6400ACB57E /* guessFlagTests */ = {
			isa = PBXGroup;
			children = (
				DC4B9CD928324F6400ACB57E /* guessFlagTests.swift */,
			);
			path = guessFlagTests;
			sourceTree = "<group>";
		};
		DC4B9CE228324F6400ACB57E /* guessFlagUITests */ = {
			isa = PBXGroup;
			children = (
				DC4B9CE328324F6400ACB57E /* guessFlagUITests.swift */,
				DC4B9CE528324F6400ACB57E /* guessFlagUITestsLaunchTests.swift */,
			);
			path = guessFlagUITests;
			sourceTree = "<group>";
		};
/* End PBXGroup section */

/* Begin PBXNativeTarget section */
		DC4B9CC428324F5F00ACB57E /* guessFlag */ = {
			isa = PBXNativeTarget;
			buildConfigurationList = DC4B9CE928324F6400ACB57E /* Build configuration list for PBXNativeTarget "guessFlag" */;
			buildPhases = (
				DC4B9CC128324F5F00ACB57E /* Sources */,
				DC4B9CC228324F5F00ACB57E /* Frameworks */,
				DC4B9CC328324F5F00ACB57E /* Resources */,
			);
			buildRules = (
			);
			dependencies = (
			);
			name = guessFlag;
			productName = guessFlag;
			productReference = DC4B9CC528324F5F00ACB57E /* guessFlag.app */;
			productType = "com.apple.product-type.application";
		};
		DC4B9CD428324F6400ACB57E /* guessFlagTests */ = {
			isa = PBXNativeTarget;
			buildConfigurationList = DC4B9CEC28324F6400ACB57E /* Build configuration list for PBXNativeTarget "guessFlagTests" */;
			buildPhases = (
				DC4B9CD128324F6400ACB57E /* Sources */,
				DC4B9CD228324F6400ACB57E /* Frameworks */,
				DC4B9CD328324F6400ACB57E /* Resources */,
			);
			buildRules = (
			);
			dependencies = (
				DC4B9CD728324F6400ACB57E /* PBXTargetDependency */,
			);
			name = guessFlagTests;
			productName = guessFlagTests;
			productReference = DC4B9CD528324F6400ACB57E /* guessFlagTests.xctest */;
			productType = "com.apple.product-type.bundle.unit-test";
		};
		DC4B9CDE28324F6400ACB57E /* guessFlagUITests */ = {
			isa = PBXNativeTarget;
			buildConfigurationList = DC4B9CEF28324F6400ACB57E /* Build configuration list for PBXNativeTarget "guessFlagUITests" */;
			buildPhases = (
				DC4B9CDB28324F6400ACB57E /* Sources */,
				DC4B9CDC28324F6400ACB57E /* Frameworks */,
				DC4B9CDD28324F6400ACB57E /* Resources */,
			);
			buildRules = (
			);
			dependencies = (
				DC4B9CE128324F6400ACB57E /* PBXTargetDependency */,
			);
			name = guessFlagUITests;
			productName = guessFlagUITests;
			productReference = DC4B9CDF28324F6400ACB57E /* guessFlagUITests.xctest */;
			productType = "com.apple.product-type.bundle.ui-testing";
		};
/* End PBXNativeTarget section */

/* Begin PBXProject section */
		DC4B9CBD28324F5F00ACB57E /* Project object */ = {
			isa = PBXProject;
			attributes = {
				BuildIndependentTargetsInParallel = 1;
				LastSwiftUpdateCheck = 1330;
				LastUpgradeCheck = 1330;
				TargetAttributes = {
					DC4B9CC428324F5F00ACB57E = {
						CreatedOnToolsVersion = 13.3.1;
					};
					DC4B9CD428324F6400ACB57E = {
						CreatedOnToolsVersion = 13.3.1;
						TestTargetID = DC4B9CC428324F5F00ACB57E;
					};
					DC4B9CDE28324F6400ACB57E = {
						CreatedOnToolsVersion = 13.3.1;
						TestTargetID = DC4B9CC428324F5F00ACB57E;
					};
				};
			};
			buildConfigurationList = DC4B9CC028324F5F00ACB57E /* Build configuration list for PBXProject "guessFlag" */;
			compatibilityVersion = "Xcode 13.0";
			developmentRegion = en;
			hasScannedForEncodings = 0;
			knownRegions = (
				en,
				Base,
			);
			mainGroup = DC4B9CBC28324F5F00ACB57E;
			productRefGroup = DC4B9CC628324F5F00ACB57E /* Products */;
			projectDirPath = "";
			projectRoot = "";
			targets = (
				DC4B9CC428324F5F00ACB57E /* guessFlag */,
				DC4B9CD428324F6400ACB57E /* guessFlagTests */,
				DC4B9CDE28324F6400ACB57E /* guessFlagUITests */,
			);
		};
/* End PBXProject section */

/* Begin PBXResourcesBuildPhase section */
		DC4B9CC328324F5F00ACB57E /* Resources */ = {
			isa = PBXResourcesBuildPhase;
			buildActionMask = 2147483647;
			files = (
				DC4B9CD028324F6400ACB57E /* Preview Assets.xcassets in Resources */,
				DC4B9CCD28324F6400ACB57E /* Assets.xcassets in Resources */,
			);
			runOnlyForDeploymentPostprocessing = 0;
		};
		DC4B9CD328324F6400ACB57E /* Resources */ = {
			isa = PBXResourcesBuildPhase;
			buildActionMask = 2147483647;
			files = (
			);
			runOnlyForDeploymentPostprocessing = 0;
		};
		DC4B9CDD28324F6400ACB57E /* Resources */ = {
			isa = PBXResourcesBuildPhase;
			buildActionMask = 2147483647;
			files = (
			);
			runOnlyForDeploymentPostprocessing = 0;
		};
/* End PBXResourcesBuildPhase section */

/* Begin PBXSourcesBuildPhase section */
		DC4B9CC128324F5F00ACB57E /* Sources */ = {
			isa = PBXSourcesBuildPhase;
			buildActionMask = 2147483647;
			files = (
				DC4B9CCB28324F5F00ACB57E /* ContentView.swift in Sources */,
				DC4B9CC928324F5F00ACB57E /* guessFlagApp.swift in Sources */,
			);
			runOnlyForDeploymentPostprocessing = 0;
		};
		DC4B9CD128324F6400ACB57E /* Sources */ = {
			isa = PBXSourcesBuildPhase;
			buildActionMask = 2147483647;
			files = (
				DC4B9CDA28324F6400ACB57E /* guessFlagTests.swift in Sources */,
			);
			runOnlyForDeploymentPostprocessing = 0;
		};
		DC4B9CDB28324F6400ACB57E /* Sources */ = {
			isa = PBXSourcesBuildPhase;
			buildActionMask = 2147483647;
			files = (
				DC4B9CE628324F6400ACB57E /* guessFlagUITestsLaunchTests.swift in Sources */,
				DC4B9CE428324F6400ACB57E /* guessFlagUITests.swift in Sources */,
			);
			runOnlyForDeploymentPostprocessing = 0;
		};
/* End PBXSourcesBuildPhase section */

/* Begin PBXTargetDependency section */
		DC4B9CD728324F6400ACB57E /* PBXTargetDependency */ = {
			isa = PBXTargetDependency;
			target = DC4B9CC428324F5F00ACB57E /* guessFlag */;
			targetProxy = DC4B9CD628324F6400ACB57E /* PBXContainerItemProxy */;
		};
		DC4B9CE128324F6400ACB57E /* PBXTargetDependency */ = {
			isa = PBXTargetDependency;
			target = DC4B9CC428324F5F00ACB57E /* guessFlag */;
			targetProxy = DC4B9CE028324F6400ACB57E /* PBXContainerItemProxy */;
		};
/* End PBXTargetDependency section */

/* Begin XCBuildConfiguration section */
		DC4B9CE728324F6400ACB57E /* Debug */ = {
			isa = XCBuildConfiguration;
			buildSettings = {
				ALWAYS_SEARCH_USER_PATHS = NO;
				CLANG_ANALYZER_NONNULL = YES;
				CLANG_ANALYZER_NUMBER_OBJECT_CONVERSION = YES_AGGRESSIVE;
				CLANG_CXX_LANGUAGE_STANDARD = "gnu++17";
				CLANG_ENABLE_MODULES = YES;
				CLANG_ENABLE_OBJC_ARC = YES;
				CLANG_ENABLE_OBJC_WEAK = YES;
				CLANG_WARN_BLOCK_CAPTURE_AUTORELEASING = YES;
				CLANG_WARN_BOOL_CONVERSION = YES;
				CLANG_WARN_COMMA = YES;
				CLANG_WARN_CONSTANT_CONVERSION = YES;
				CLANG_WARN_DEPRECATED_OBJC_IMPLEMENTATIONS = YES;
				CLANG_WARN_DIRECT_OBJC_ISA_USAGE = YES_ERROR;
				CLANG_WARN_DOCUMENTATION_COMMENTS = YES;
				CLANG_WARN_EMPTY_BODY = YES;
				CLANG_WARN_ENUM_CONVERSION = YES;
				CLANG_WARN_INFINITE_RECURSION = YES;
				CLANG_WARN_INT_CONVERSION = YES;
				CLANG_WARN_NON_LITERAL_NULL_CONVERSION = YES;
				CLANG_WARN_OBJC_IMPLICIT_RETAIN_SELF = YES;
				CLANG_WARN_OBJC_LITERAL_CONVERSION = YES;
				CLANG_WARN_OBJC_ROOT_CLASS = YES_ERROR;
				CLANG_WARN_QUOTED_INCLUDE_IN_FRAMEWORK_HEADER = YES;
				CLANG_WARN_RANGE_LOOP_ANALYSIS = YES;
				CLANG_WARN_STRICT_PROTOTYPES = YES;
				CLANG_WARN_SUSPICIOUS_MOVE = YES;
				CLANG_WARN_UNGUARDED_AVAILABILITY = YES_AGGRESSIVE;
				CLANG_WARN_UNREACHABLE_CODE = YES;
				CLANG_WARN__DUPLICATE_METHOD_MATCH = YES;
				COPY_PHASE_STRIP = NO;
				DEBUG_INFORMATION_FORMAT = dwarf;
				ENABLE_STRICT_OBJC_MSGSEND = YES;
				ENABLE_TESTABILITY = YES;
				GCC_C_LANGUAGE_STANDARD = gnu11;
				GCC_DYNAMIC_NO_PIC = NO;
				GCC_NO_COMMON_BLOCKS = YES;
				GCC_OPTIMIZATION_LEVEL = 0;
				GCC_PREPROCESSOR_DEFINITIONS = (
					"DEBUG=1",
					"$(inherited)",
				);
				GCC_WARN_64_TO_32_BIT_CONVERSION = YES;
				GCC_WARN_ABOUT_RETURN_TYPE = YES_ERROR;
				GCC_WARN_UNDECLARED_SELECTOR = YES;
				GCC_WARN_UNINITIALIZED_AUTOS = YES_AGGRESSIVE;
				GCC_WARN_UNUSED_FUNCTION = YES;
				GCC_WARN_UNUSED_VARIABLE = YES;
				IPHONEOS_DEPLOYMENT_TARGET = 15.4;
				MTL_ENABLE_DEBUG_INFO = INCLUDE_SOURCE;
				MTL_FAST_MATH = YES;
				ONLY_ACTIVE_ARCH = YES;
				SDKROOT = iphoneos;
				SWIFT_ACTIVE_COMPILATION_CONDITIONS = DEBUG;
				SWIFT_OPTIMIZATION_LEVEL = "-Onone";
			};
			name = Debug;
		};
		DC4B9CE828324F6400ACB57E /* Release */ = {
			isa = XCBuildConfiguration;
			buildSettings = {
				ALWAYS_SEARCH_USER_PATHS = NO;
				CLANG_ANALYZER_NONNULL = YES;
				CLANG_ANALYZER_NUMBER_OBJECT_CONVERSION = YES_AGGRESSIVE;
				CLANG_CXX_LANGUAGE_STANDARD = "gnu++17";
				CLANG_ENABLE_MODULES = YES;
				CLANG_ENABLE_OBJC_ARC = YES;
				CLANG_ENABLE_OBJC_WEAK = YES;
				CLANG_WARN_BLOCK_CAPTURE_AUTORELEASING = YES;
				CLANG_WARN_BOOL_CONVERSION = YES;
				CLANG_WARN_COMMA = YES;
				CLANG_WARN_CONSTANT_CONVERSION = YES;
				CLANG_WARN_DEPRECATED_OBJC_IMPLEMENTATIONS = YES;
				CLANG_WARN_DIRECT_OBJC_ISA_USAGE = YES_ERROR;
				CLANG_WARN_DOCUMENTATION_COMMENTS = YES;
				CLANG_WARN_EMPTY_BODY = YES;
				CLANG_WARN_ENUM_CONVERSION = YES;
				CLANG_WARN_INFINITE_RECURSION = YES;
				CLANG_WARN_INT_CONVERSION = YES;
				CLANG_WARN_NON_LITERAL_NULL_CONVERSION = YES;
				CLANG_WARN_OBJC_IMPLICIT_RETAIN_SELF = YES;
				CLANG_WARN_OBJC_LITERAL_CONVERSION = YES;
				CLANG_WARN_OBJC_ROOT_CLASS = YES_ERROR;
				CLANG_WARN_QUOTED_INCLUDE_IN_FRAMEWORK_HEADER = YES;
				CLANG_WARN_RANGE_LOOP_ANALYSIS = YES;
				CLANG_WARN_STRICT_PROTOTYPES = YES;
				CLANG_WARN_SUSPICIOUS_MOVE = YES;
				CLANG_WARN_UNGUARDED_AVAILABILITY = YES_AGGRESSIVE;
				CLANG_WARN_UNREACHABLE_CODE = YES;
				CLANG_WARN__DUPLICATE_METHOD_MATCH = YES;
				COPY_PHASE_STRIP = NO;
				DEBUG_INFORMATION_FORMAT = "dwarf-with-dsym";
				ENABLE_NS_ASSERTIONS = NO;
				ENABLE_STRICT_OBJC_MSGSEND = YES;
				GCC_C_LANGUAGE_STANDARD = gnu11;
				GCC_NO_COMMON_BLOCKS = YES;
				GCC_WARN_64_TO_32_BIT_CONVERSION = YES;
				GCC_WARN_ABOUT_RETURN_TYPE = YES_ERROR;
				GCC_WARN_UNDECLARED_SELECTOR = YES;
				GCC_WARN_UNINITIALIZED_AUTOS = YES_AGGRESSIVE;
				GCC_WARN_UNUSED_FUNCTION = YES;
				GCC_WARN_UNUSED_VARIABLE = YES;
				IPHONEOS_DEPLOYMENT_TARGET = 15.4;
				MTL_ENABLE_DEBUG_INFO = NO;
				MTL_FAST_MATH = YES;
				SDKROOT = iphoneos;
				SWIFT_COMPILATION_MODE = wholemodule;
				SWIFT_OPTIMIZATION_LEVEL = "-O";
				VALIDATE_PRODUCT = YES;
			};
			name = Release;
		};
		DC4B9CEA28324F6400ACB57E /* Debug */ = {
			isa = XCBuildConfiguration;
			buildSettings = {
				ASSETCATALOG_COMPILER_APPICON_NAME = AppIcon;
				ASSETCATALOG_COMPILER_GLOBAL_ACCENT_COLOR_NAME = AccentColor;
				CODE_SIGN_STYLE = Automatic;
				CURRENT_PROJECT_VERSION = 1;
				DEVELOPMENT_ASSET_PATHS = "\"guessFlag/Preview Content\"";
				ENABLE_PREVIEWS = YES;
				GENERATE_INFOPLIST_FILE = YES;
				INFOPLIST_KEY_UIApplicationSceneManifest_Generation = YES;
				INFOPLIST_KEY_UIApplicationSupportsIndirectInputEvents = YES;
				INFOPLIST_KEY_UILaunchScreen_Generation = YES;
				INFOPLIST_KEY_UISupportedInterfaceOrientations_iPad = "UIInterfaceOrientationPortrait UIInterfaceOrientationPortraitUpsideDown UIInterfaceOrientationLandscapeLeft UIInterfaceOrientationLandscapeRight";
				INFOPLIST_KEY_UISupportedInterfaceOrientations_iPhone = "UIInterfaceOrientationPortrait UIInterfaceOrientationLandscapeLeft UIInterfaceOrientationLandscapeRight";
				LD_RUNPATH_SEARCH_PATHS = (
					"$(inherited)",
					"@executable_path/Frameworks",
				);
				MARKETING_VERSION = 1.0;
				PRODUCT_BUNDLE_IDENTIFIER = guessFlag.guessFlag;
				PRODUCT_NAME = "$(TARGET_NAME)";
				SWIFT_EMIT_LOC_STRINGS = YES;
				SWIFT_VERSION = 5.0;
				TARGETED_DEVICE_FAMILY = "1,2";
			};
			name = Debug;
		};
		DC4B9CEB28324F6400ACB57E /* Release */ = {
			isa = XCBuildConfiguration;
			buildSettings = {
				ASSETCATALOG_COMPILER_APPICON_NAME = AppIcon;
				ASSETCATALOG_COMPILER_GLOBAL_ACCENT_COLOR_NAME = AccentColor;
				CODE_SIGN_STYLE = Automatic;
				CURRENT_PROJECT_VERSION = 1;
				DEVELOPMENT_ASSET_PATHS = "\"guessFlag/Preview Content\"";
				ENABLE_PREVIEWS = YES;
				GENERATE_INFOPLIST_FILE = YES;
				INFOPLIST_KEY_UIApplicationSceneManifest_Generation = YES;
				INFOPLIST_KEY_UIApplicationSupportsIndirectInputEvents = YES;
				INFOPLIST_KEY_UILaunchScreen_Generation = YES;
				INFOPLIST_KEY_UISupportedInterfaceOrientations_iPad = "UIInterfaceOrientationPortrait UIInterfaceOrientationPortraitUpsideDown UIInterfaceOrientationLandscapeLeft UIInterfaceOrientationLandscapeRight";
				INFOPLIST_KEY_UISupportedInterfaceOrientations_iPhone = "UIInterfaceOrientationPortrait UIInterfaceOrientationLandscapeLeft UIInterfaceOrientationLandscapeRight";
				LD_RUNPATH_SEARCH_PATHS = (
					"$(inherited)",
					"@executable_path/Frameworks",
				);
				MARKETING_VERSION = 1.0;
				PRODUCT_BUNDLE_IDENTIFIER = guessFlag.guessFlag;
				PRODUCT_NAME = "$(TARGET_NAME)";
				SWIFT_EMIT_LOC_STRINGS = YES;
				SWIFT_VERSION = 5.0;
				TARGETED_DEVICE_FAMILY = "1,2";
			};
			name = Release;
		};
		DC4B9CED28324F6400ACB57E /* Debug */ = {
			isa = XCBuildConfiguration;
			buildSettings = {
				ALWAYS_EMBED_SWIFT_STANDARD_LIBRARIES = YES;
				BUNDLE_LOADER = "$(TEST_HOST)";
				CODE_SIGN_STYLE = Automatic;
				CURRENT_PROJECT_VERSION = 1;
				GENERATE_INFOPLIST_FILE = YES;
				IPHONEOS_DEPLOYMENT_TARGET = 15.4;
				MARKETING_VERSION = 1.0;
				PRODUCT_BUNDLE_IDENTIFIER = guessFlag.guessFlagTests;
				PRODUCT_NAME = "$(TARGET_NAME)";
				SWIFT_EMIT_LOC_STRINGS = NO;
				SWIFT_VERSION = 5.0;
				TARGETED_DEVICE_FAMILY = "1,2";
				TEST_HOST = "$(BUILT_PRODUCTS_DIR)/guessFlag.app/guessFlag";
			};
			name = Debug;
		};
		DC4B9CEE28324F6400ACB57E /* Release */ = {
			isa = XCBuildConfiguration;
			buildSettings = {
				ALWAYS_EMBED_SWIFT_STANDARD_LIBRARIES = YES;
				BUNDLE_LOADER = "$(TEST_HOST)";
				CODE_SIGN_STYLE = Automatic;
				CURRENT_PROJECT_VERSION = 1;
				GENERATE_INFOPLIST_FILE = YES;
				IPHONEOS_DEPLOYMENT_TARGET = 15.4;
				MARKETING_VERSION = 1.0;
				PRODUCT_BUNDLE_IDENTIFIER = guessFlag.guessFlagTests;
				PRODUCT_NAME = "$(TARGET_NAME)";
				SWIFT_EMIT_LOC_STRINGS = NO;
				SWIFT_VERSION = 5.0;
				TARGETED_DEVICE_FAMILY = "1,2";
				TEST_HOST = "$(BUILT_PRODUCTS_DIR)/guessFlag.app/guessFlag";
			};
			name = Release;
		};
		DC4B9CF028324F6400ACB57E /* Debug */ = {
			isa = XCBuildConfiguration;
			buildSettings = {
				ALWAYS_EMBED_SWIFT_STANDARD_LIBRARIES = YES;
				CODE_SIGN_STYLE = Automatic;
				CURRENT_PROJECT_VERSION = 1;
				GENERATE_INFOPLIST_FILE = YES;
				MARKETING_VERSION = 1.0;
				PRODUCT_BUNDLE_IDENTIFIER = guessFlag.guessFlagUITests;
				PRODUCT_NAME = "$(TARGET_NAME)";
				SWIFT_EMIT_LOC_STRINGS = NO;
				SWIFT_VERSION = 5.0;
				TARGETED_DEVICE_FAMILY = "1,2";
				TEST_TARGET_NAME = guessFlag;
			};
			name = Debug;
		};
		DC4B9CF128324F6400ACB57E /* Release */ = {
			isa = XCBuildConfiguration;
			buildSettings = {
				ALWAYS_EMBED_SWIFT_STANDARD_LIBRARIES = YES;
				CODE_SIGN_STYLE = Automatic;
				CURRENT_PROJECT_VERSION = 1;
				GENERATE_INFOPLIST_FILE = YES;
				MARKETING_VERSION = 1.0;
				PRODUCT_BUNDLE_IDENTIFIER = guessFlag.guessFlagUITests;
				PRODUCT_NAME = "$(TARGET_NAME)";
				SWIFT_EMIT_LOC_STRINGS = NO;
				SWIFT_VERSION = 5.0;
				TARGETED_DEVICE_FAMILY = "1,2";
				TEST_TARGET_NAME = guessFlag;
			};
			name = Release;
		};
/* End XCBuildConfiguration section */

/* Begin XCConfigurationList section */
		DC4B9CC028324F5F00ACB57E /* Build configuration list for PBXProject "guessFlag" */ = {
			isa = XCConfigurationList;
			buildConfigurations = (
				DC4B9CE728324F6400ACB57E /* Debug */,
				DC4B9CE828324F6400ACB57E /* Release */,
			);
			defaultConfigurationIsVisible = 0;
			defaultConfigurationName = Release;
		};
		DC4B9CE928324F6400ACB57E /* Build configuration list for PBXNativeTarget "guessFlag" */ = {
			isa = XCConfigurationList;
			buildConfigurations = (
				DC4B9CEA28324F6400ACB57E /* Debug */,
				DC4B9CEB28324F6400ACB57E /* Release */,
			);
			defaultConfigurationIsVisible = 0;
			defaultConfigurationName = Release;
		};
		DC4B9CEC28324F6400ACB57E /* Build configuration list for PBXNativeTarget "guessFlagTests" */ = {
			isa = XCConfigurationList;
			buildConfigurations = (
				DC4B9CED28324F6400ACB57E /* Debug */,
				DC4B9CEE28324F6400ACB57E /* Release */,
			);
			defaultConfigurationIsVisible = 0;
			defaultConfigurationName = Release;
		};
		DC4B9CEF28324F6400ACB57E /* Build configuration list for PBXNativeTarget "guessFlagUITests" */ = {
			isa = XCConfigurationList;
			buildConfigurations = (
				DC4B9CF028324F6400ACB57E /* Debug */,
				DC4B9CF128324F6400ACB57E /* Release */,
			);
			defaultConfigurationIsVisible = 0;
			defaultConfigurationName = Release;
		};
/* End XCConfigurationList section */
	};
	rootObject = DC4B9CBD28324F5F00ACB57E /* Project object */;
}
